{
  "version": 4,
  "terraform_version": "1.1.8",
  "serial": 42,
  "lineage": "e7d437ea-677b-edbc-88e9-64e89cc2c252",
  "outputs": {
    "db_password": {
      "value": "vWnxJoDEcIT0n_gL",
      "type": "string",
      "sensitive": true
    },
    "lb_dns_name": {
      "value": "my-cool-project-1881601205.us-west-2.elb.amazonaws.com",
      "type": "string"
    }
  },
  "resources": [
    {
      "module": "module.autoscaling",
      "mode": "data",
      "type": "aws_ami",
      "name": "ubuntu",
      "provider": "provider[\"registry.terraform.io/hashicorp/aws\"]",
      "instances": [
        {
          "schema_version": 0,
          "attributes": {
            "architecture": "x86_64",
            "arn": "arn:aws:ec2:us-west-2::image/ami-0cfa91bdbc3be780c",
            "block_device_mappings": [
              {
                "device_name": "/dev/sda1",
                "ebs": {
                  "delete_on_termination": "true",
                  "encrypted": "false",
                  "iops": "0",
                  "snapshot_id": "snap-09fa75ad43278adf8",
                  "throughput": "0",
                  "volume_size": "8",
                  "volume_type": "gp2"
                },
                "no_device": "",
                "virtual_name": ""
              },
              {
                "device_name": "/dev/sdb",
                "ebs": {},
                "no_device": "",
                "virtual_name": "ephemeral0"
              },
              {
                "device_name": "/dev/sdc",
                "ebs": {},
                "no_device": "",
                "virtual_name": "ephemeral1"
              }
            ],
            "creation_date": "2022-04-11T14:34:39.000Z",
            "description": "Canonical, Ubuntu, 18.04 LTS, amd64 bionic image build on 2022-04-11",
            "ena_support": true,
            "executable_users": null,
            "filter": [
              {
                "name": "name",
                "values": [
                  "ubuntu/images/hvm-ssd/ubuntu-bionic-18.04-amd64-server-*"
                ]
              }
            ],
            "hypervisor": "xen",
            "id": "ami-0cfa91bdbc3be780c",
            "image_id": "ami-0cfa91bdbc3be780c",
            "image_location": "099720109477/ubuntu/images/hvm-ssd/ubuntu-bionic-18.04-amd64-server-20220411",
            "image_owner_alias": null,
            "image_type": "machine",
            "kernel_id": null,
            "most_recent": true,
            "name": "ubuntu/images/hvm-ssd/ubuntu-bionic-18.04-amd64-server-20220411",
            "name_regex": null,
            "owner_id": "099720109477",
            "owners": [
              "099720109477"
            ],
            "platform": null,
            "platform_details": "Linux/UNIX",
            "product_codes": [],
            "public": true,
            "ramdisk_id": null,
            "root_device_name": "/dev/sda1",
            "root_device_type": "ebs",
            "root_snapshot_id": "snap-09fa75ad43278adf8",
            "sriov_net_support": "simple",
            "state": "available",
            "state_reason": {
              "code": "UNSET",
              "message": "UNSET"
            },
            "tags": {},
            "usage_operation": "RunInstances",
            "virtualization_type": "hvm"
          },
          "sensitive_attributes": []
        }
      ]
    },
    {
      "module": "module.autoscaling",
      "mode": "data",
      "type": "cloudinit_config",
      "name": "config",
      "provider": "provider[\"registry.terraform.io/hashicorp/cloudinit\"]",
      "instances": [
        {
          "schema_version": 0,
          "attributes": {
            "base64_encode": true,
            "boundary": "MIMEBOUNDARY",
            "gzip": true,
            "id": "1463914081",
            "part": [
              {
                "content": "#cloud-config\nwrite_files:\n  -   path: /etc/server.conf\n      owner: root:root\n      permissions: \"0644\"\n      content: |\n        {\n          \"user\":  \"admin\",\n          \"password\": \"vWnxJoDEcIT0n_gL\",\n          \"database\": \"pets\",\n          \"netloc\": \"my-cool-project-db-instance.chuuy9kdc6vn.us-west-2.rds.amazonaws.com:3306\"\n        }\nruncmd:\n  - curl -sL https://api.github.com/repos/scottwinkler/vanilla-webserver-src/releases/latest | jq -r \".assets[].browser_download_url\" | wget -qi - \n  - unzip deployment.zip\n  - ./deployment/server\npackages:\n  - jq\n  - wget\n  - unzip \n",
                "content_type": "text/cloud-config",
                "filename": "",
                "merge_type": ""
              }
            ],
            "rendered": "H4sIAAAAAAAA/2SSUW/TMBDH3yP1O5zMK04Km4Yw4gHYHoY2kNAAIYQqx76l3hzbu7s06xjfHaUrpdPyENv3//l/p/N9yEkwib5YFzTQD1FCsSRNH27Rv4E2D8lbWr9V56fnJ+8/f/10/O7LD1VNJ/0NiUNOBl7U81k1q7Teh2bVzpts4kskfZJc9iF1Bl61QfaATXLBW2lczIPXLqfL0M2q89DjkzTP9plqpCC4uAwR2VQAGgCKlaWBBsU1jLRCqie2gs2Xx4RkgHIWM/224YLUB57ysAE1Pzo8VFvFPRRp4H4bAPi92wGogZGUAVDW9yGp5/tascxjJq8MqNX3dPsxH5+404t5WnRnj0lvxbaWcSILCj9WE0rMbtL6tXY5R10oX6ET7VsdEotNDmu3HIb162vvjlapHliPyKJf1uS5tr29y8mOXLvcm4OD+ZHa+f+paEiu9w/tcwNF0HwGS5HCpmlsCXUXZDm0092GsGRu2GWRMaTriNSsbAoxWj1i+9BvzeQawoiWkZtoBVngHq5uQBOo2jKj8M9fdUt5ZKSFz2OK2frFQFHBPYwdCuibABo2NQ3pLhTwWGJe95ikvgtlI9TN/+D2rati3bXt/k3D1c1mmRz3rJ4Mq9az6m8AAAD//7rJAawLAwAA"
          },
          "sensitive_attributes": [
            [
              {
                "type": "get_attr",
                "value": "part"
              },
              {
                "type": "index",
                "value": {
                  "value": 0,
                  "type": "number"
                }
              },
              {
                "type": "get_attr",
                "value": "content"
              }
            ]
          ]
        }
      ]
    },
    {
      "module": "module.autoscaling",
      "mode": "managed",
      "type": "aws_autoscaling_group",
      "name": "webserver",
      "provider": "provider[\"registry.terraform.io/hashicorp/aws\"]",
      "instances": [
        {
          "schema_version": 0,
          "attributes": {
            "arn": "arn:aws:autoscaling:us-west-2:625413607130:autoScalingGroup:61534f42-0ea4-4faa-869d-1aa00971126f:autoScalingGroupName/my-cool-project-asg",
            "availability_zones": [
              "us-west-2a",
              "us-west-2b",
              "us-west-2c"
            ],
            "capacity_rebalance": false,
            "default_cooldown": 300,
            "desired_capacity": 1,
            "enabled_metrics": null,
            "force_delete": false,
            "force_delete_warm_pool": false,
            "health_check_grace_period": 300,
            "health_check_type": "EC2",
            "id": "my-cool-project-asg",
            "initial_lifecycle_hook": [],
            "instance_refresh": [],
            "launch_configuration": "",
            "launch_template": [
              {
                "id": "lt-07d2127b5845aaefb",
                "name": "my-cool-project20220416043400776500000008",
                "version": "1"
              }
            ],
            "load_balancers": null,
            "max_instance_lifetime": 0,
            "max_size": 3,
            "metrics_granularity": "1Minute",
            "min_elb_capacity": null,
            "min_size": 1,
            "mixed_instances_policy": [],
            "name": "my-cool-project-asg",
            "name_prefix": "",
            "placement_group": "",
            "protect_from_scale_in": false,
            "service_linked_role_arn": "arn:aws:iam::625413607130:role/aws-service-role/autoscaling.amazonaws.com/AWSServiceRoleForAutoScaling",
            "suspended_processes": null,
            "tag": [],
            "tags": null,
            "target_group_arns": [
              "arn:aws:elasticloadbalancing:us-west-2:625413607130:targetgroup/websvr20220416043202100100000007/c49a2bac87c10a87"
            ],
            "termination_policies": null,
            "timeouts": null,
            "vpc_zone_identifier": [
              "subnet-07d0fd2f8c9cb88ae",
              "subnet-0821749175325e9f4",
              "subnet-095bfc789c98c6ee8"
            ],
            "wait_for_capacity_timeout": "10m",
            "wait_for_elb_capacity": null,
            "warm_pool": []
          },
          "sensitive_attributes": [],
          "private": "eyJlMmJmYjczMC1lY2FhLTExZTYtOGY4OC0zNDM2M2JjN2M0YzAiOnsiZGVsZXRlIjo2MDAwMDAwMDAwMDB9fQ==",
          "dependencies": [
            "module.autoscaling.aws_launch_template.webserver",
            "module.autoscaling.data.aws_ami.ubuntu",
            "module.autoscaling.data.cloudinit_config.config",
            "module.autoscaling.module.alb.aws_lb.this",
            "module.autoscaling.module.alb.aws_lb_target_group.main",
            "module.autoscaling.module.iam_instance_profile.aws_iam_instance_profile.iam_instance_profile",
            "module.autoscaling.module.iam_instance_profile.aws_iam_role.iam_role",
            "module.database.aws_db_instance.database",
            "module.database.random_password.password",
            "module.networking.data.aws_availability_zones.available",
            "module.networking.module.db_sg.aws_security_group.security_group",
            "module.networking.module.lb_sg.aws_security_group.security_group",
            "module.networking.module.vpc.aws_cloudwatch_log_group.flow_log",
            "module.networking.module.vpc.aws_customer_gateway.this",
            "module.networking.module.vpc.aws_db_subnet_group.database",
            "module.networking.module.vpc.aws_default_network_acl.this",
            "module.networking.module.vpc.aws_default_security_group.this",
            "module.networking.module.vpc.aws_default_vpc.this",
            "module.networking.module.vpc.aws_egress_only_internet_gateway.this",
            "module.networking.module.vpc.aws_eip.nat",
            "module.networking.module.vpc.aws_elasticache_subnet_group.elasticache",
            "module.networking.module.vpc.aws_flow_log.this",
            "module.networking.module.vpc.aws_iam_policy.vpc_flow_log_cloudwatch",
            "module.networking.module.vpc.aws_iam_role.vpc_flow_log_cloudwatch",
            "module.networking.module.vpc.aws_iam_role_policy_attachment.vpc_flow_log_cloudwatch",
            "module.networking.module.vpc.aws_internet_gateway.this",
            "module.networking.module.vpc.aws_nat_gateway.this",
            "module.networking.module.vpc.aws_network_acl.database",
            "module.networking.module.vpc.aws_network_acl.elasticache",
            "module.networking.module.vpc.aws_network_acl.intra",
            "module.networking.module.vpc.aws_network_acl.private",
            "module.networking.module.vpc.aws_network_acl.public",
            "module.networking.module.vpc.aws_network_acl.redshift",
            "module.networking.module.vpc.aws_network_acl_rule.database_inbound",
            "module.networking.module.vpc.aws_network_acl_rule.database_outbound",
            "module.networking.module.vpc.aws_network_acl_rule.elasticache_inbound",
            "module.networking.module.vpc.aws_network_acl_rule.elasticache_outbound",
            "module.networking.module.vpc.aws_network_acl_rule.intra_inbound",
            "module.networking.module.vpc.aws_network_acl_rule.intra_outbound",
            "module.networking.module.vpc.aws_network_acl_rule.private_inbound",
            "module.networking.module.vpc.aws_network_acl_rule.private_outbound",
            "module.networking.module.vpc.aws_network_acl_rule.public_inbound",
            "module.networking.module.vpc.aws_network_acl_rule.public_outbound",
            "module.networking.module.vpc.aws_network_acl_rule.redshift_inbound",
            "module.networking.module.vpc.aws_network_acl_rule.redshift_outbound",
            "module.networking.module.vpc.aws_redshift_subnet_group.redshift",
            "module.networking.module.vpc.aws_route.database_internet_gateway",
            "module.networking.module.vpc.aws_route.database_ipv6_egress",
            "module.networking.module.vpc.aws_route.database_nat_gateway",
            "module.networking.module.vpc.aws_route.private_ipv6_egress",
            "module.networking.module.vpc.aws_route.private_nat_gateway",
            "module.networking.module.vpc.aws_route.public_internet_gateway",
            "module.networking.module.vpc.aws_route.public_internet_gateway_ipv6",
            "module.networking.module.vpc.aws_route_table.database",
            "module.networking.module.vpc.aws_route_table.elasticache",
            "module.networking.module.vpc.aws_route_table.intra",
            "module.networking.module.vpc.aws_route_table.private",
            "module.networking.module.vpc.aws_route_table.public",
            "module.networking.module.vpc.aws_route_table.redshift",
            "module.networking.module.vpc.aws_route_table_association.database",
            "module.networking.module.vpc.aws_route_table_association.elasticache",
            "module.networking.module.vpc.aws_route_table_association.intra",
            "module.networking.module.vpc.aws_route_table_association.private",
            "module.networking.module.vpc.aws_route_table_association.public",
            "module.networking.module.vpc.aws_route_table_association.redshift",
            "module.networking.module.vpc.aws_route_table_association.redshift_public",
            "module.networking.module.vpc.aws_subnet.database",
            "module.networking.module.vpc.aws_subnet.elasticache",
            "module.networking.module.vpc.aws_subnet.intra",
            "module.networking.module.vpc.aws_subnet.private",
            "module.networking.module.vpc.aws_subnet.public",
            "module.networking.module.vpc.aws_subnet.redshift",
            "module.networking.module.vpc.aws_vpc.this",
            "module.networking.module.vpc.aws_vpc_dhcp_options.this",
            "module.networking.module.vpc.aws_vpc_dhcp_options_association.this",
            "module.networking.module.vpc.aws_vpc_endpoint.access_analyzer",
            "module.networking.module.vpc.aws_vpc_endpoint.acm_pca",
            "module.networking.module.vpc.aws_vpc_endpoint.apigw",
            "module.networking.module.vpc.aws_vpc_endpoint.appmesh_envoy_management",
            "module.networking.module.vpc.aws_vpc_endpoint.appstream_api",
            "module.networking.module.vpc.aws_vpc_endpoint.appstream_streaming",
            "module.networking.module.vpc.aws_vpc_endpoint.athena",
            "module.networking.module.vpc.aws_vpc_endpoint.auto_scaling_plans",
            "module.networking.module.vpc.aws_vpc_endpoint.cloud_directory",
            "module.networking.module.vpc.aws_vpc_endpoint.cloudformation",
            "module.networking.module.vpc.aws_vpc_endpoint.cloudtrail",
            "module.networking.module.vpc.aws_vpc_endpoint.codeartifact_api",
            "module.networking.module.vpc.aws_vpc_endpoint.codeartifact_repositories",
            "module.networking.module.vpc.aws_vpc_endpoint.codebuild",
            "module.networking.module.vpc.aws_vpc_endpoint.codecommit",
            "module.networking.module.vpc.aws_vpc_endpoint.codedeploy",
            "module.networking.module.vpc.aws_vpc_endpoint.codedeploy_commands_secure",
            "module.networking.module.vpc.aws_vpc_endpoint.codepipeline",
            "module.networking.module.vpc.aws_vpc_endpoint.config",
            "module.networking.module.vpc.aws_vpc_endpoint.datasync",
            "module.networking.module.vpc.aws_vpc_endpoint.dynamodb",
            "module.networking.module.vpc.aws_vpc_endpoint.ebs",
            "module.networking.module.vpc.aws_vpc_endpoint.ec2",
            "module.networking.module.vpc.aws_vpc_endpoint.ec2_autoscaling",
            "module.networking.module.vpc.aws_vpc_endpoint.ec2messages",
            "module.networking.module.vpc.aws_vpc_endpoint.ecr_api",
            "module.networking.module.vpc.aws_vpc_endpoint.ecr_dkr",
            "module.networking.module.vpc.aws_vpc_endpoint.ecs",
            "module.networking.module.vpc.aws_vpc_endpoint.ecs_agent",
            "module.networking.module.vpc.aws_vpc_endpoint.ecs_telemetry",
            "module.networking.module.vpc.aws_vpc_endpoint.efs",
            "module.networking.module.vpc.aws_vpc_endpoint.elastic_inference_runtime",
            "module.networking.module.vpc.aws_vpc_endpoint.elasticbeanstalk",
            "module.networking.module.vpc.aws_vpc_endpoint.elasticbeanstalk_health",
            "module.networking.module.vpc.aws_vpc_endpoint.elasticloadbalancing",
            "module.networking.module.vpc.aws_vpc_endpoint.emr",
            "module.networking.module.vpc.aws_vpc_endpoint.events",
            "module.networking.module.vpc.aws_vpc_endpoint.git_codecommit",
            "module.networking.module.vpc.aws_vpc_endpoint.glue",
            "module.networking.module.vpc.aws_vpc_endpoint.kinesis_firehose",
            "module.networking.module.vpc.aws_vpc_endpoint.kinesis_streams",
            "module.networking.module.vpc.aws_vpc_endpoint.kms",
            "module.networking.module.vpc.aws_vpc_endpoint.lambda",
            "module.networking.module.vpc.aws_vpc_endpoint.logs",
            "module.networking.module.vpc.aws_vpc_endpoint.monitoring",
            "module.networking.module.vpc.aws_vpc_endpoint.qldb_session",
            "module.networking.module.vpc.aws_vpc_endpoint.rds",
            "module.networking.module.vpc.aws_vpc_endpoint.rekognition",
            "module.networking.module.vpc.aws_vpc_endpoint.s3",
            "module.networking.module.vpc.aws_vpc_endpoint.sagemaker_api",
            "module.networking.module.vpc.aws_vpc_endpoint.sagemaker_notebook",
            "module.networking.module.vpc.aws_vpc_endpoint.sagemaker_runtime",
            "module.networking.module.vpc.aws_vpc_endpoint.secretsmanager",
            "module.networking.module.vpc.aws_vpc_endpoint.servicecatalog",
            "module.networking.module.vpc.aws_vpc_endpoint.ses",
            "module.networking.module.vpc.aws_vpc_endpoint.sms",
            "module.networking.module.vpc.aws_vpc_endpoint.sns",
            "module.networking.module.vpc.aws_vpc_endpoint.sqs",
            "module.networking.module.vpc.aws_vpc_endpoint.ssm",
            "module.networking.module.vpc.aws_vpc_endpoint.ssmmessages",
            "module.networking.module.vpc.aws_vpc_endpoint.states",
            "module.networking.module.vpc.aws_vpc_endpoint.storagegateway",
            "module.networking.module.vpc.aws_vpc_endpoint.sts",
            "module.networking.module.vpc.aws_vpc_endpoint.textract",
            "module.networking.module.vpc.aws_vpc_endpoint.transfer",
            "module.networking.module.vpc.aws_vpc_endpoint.transferserver",
            "module.networking.module.vpc.aws_vpc_endpoint.workspaces",
            "module.networking.module.vpc.aws_vpc_endpoint_route_table_association.intra_dynamodb",
            "module.networking.module.vpc.aws_vpc_endpoint_route_table_association.intra_s3",
            "module.networking.module.vpc.aws_vpc_endpoint_route_table_association.private_dynamodb",
            "module.networking.module.vpc.aws_vpc_endpoint_route_table_association.private_s3",
            "module.networking.module.vpc.aws_vpc_endpoint_route_table_association.public_dynamodb",
            "module.networking.module.vpc.aws_vpc_endpoint_route_table_association.public_s3",
            "module.networking.module.vpc.aws_vpc_ipv4_cidr_block_association.this",
            "module.networking.module.vpc.aws_vpn_gateway.this",
            "module.networking.module.vpc.aws_vpn_gateway_attachment.this",
            "module.networking.module.vpc.aws_vpn_gateway_route_propagation.intra",
            "module.networking.module.vpc.aws_vpn_gateway_route_propagation.private",
            "module.networking.module.vpc.aws_vpn_gateway_route_propagation.public",
            "module.networking.module.vpc.data.aws_iam_policy_document.flow_log_cloudwatch_assume_role",
            "module.networking.module.vpc.data.aws_iam_policy_document.vpc_flow_log_cloudwatch",
            "module.networking.module.vpc.data.aws_vpc_endpoint_service.access_analyzer",
            "module.networking.module.vpc.data.aws_vpc_endpoint_service.acm_pca",
            "module.networking.module.vpc.data.aws_vpc_endpoint_service.apigw",
            "module.networking.module.vpc.data.aws_vpc_endpoint_service.appmesh_envoy_management",
            "module.networking.module.vpc.data.aws_vpc_endpoint_service.appstream_api",
            "module.networking.module.vpc.data.aws_vpc_endpoint_service.appstream_streaming",
            "module.networking.module.vpc.data.aws_vpc_endpoint_service.athena",
            "module.networking.module.vpc.data.aws_vpc_endpoint_service.auto_scaling_plans",
            "module.networking.module.vpc.data.aws_vpc_endpoint_service.cloud_directory",
            "module.networking.module.vpc.data.aws_vpc_endpoint_service.cloudformation",
            "module.networking.module.vpc.data.aws_vpc_endpoint_service.cloudtrail",
            "module.networking.module.vpc.data.aws_vpc_endpoint_service.codeartifact_api",
            "module.networking.module.vpc.data.aws_vpc_endpoint_service.codeartifact_repositories",
            "module.networking.module.vpc.data.aws_vpc_endpoint_service.codebuild",
            "module.networking.module.vpc.data.aws_vpc_endpoint_service.codecommit",
            "module.networking.module.vpc.data.aws_vpc_endpoint_service.codedeploy",
            "module.networking.module.vpc.data.aws_vpc_endpoint_service.codedeploy_commands_secure",
            "module.networking.module.vpc.data.aws_vpc_endpoint_service.codepipeline",
            "module.networking.module.vpc.data.aws_vpc_endpoint_service.config",
            "module.networking.module.vpc.data.aws_vpc_endpoint_service.datasync",
            "module.networking.module.vpc.data.aws_vpc_endpoint_service.dynamodb",
            "module.networking.module.vpc.data.aws_vpc_endpoint_service.ebs",
            "module.networking.module.vpc.data.aws_vpc_endpoint_service.ec2",
            "module.networking.module.vpc.data.aws_vpc_endpoint_service.ec2_autoscaling",
            "module.networking.module.vpc.data.aws_vpc_endpoint_service.ec2messages",
            "module.networking.module.vpc.data.aws_vpc_endpoint_service.ecr_api",
            "module.networking.module.vpc.data.aws_vpc_endpoint_service.ecr_dkr",
            "module.networking.module.vpc.data.aws_vpc_endpoint_service.ecs",
            "module.networking.module.vpc.data.aws_vpc_endpoint_service.ecs_agent",
            "module.networking.module.vpc.data.aws_vpc_endpoint_service.ecs_telemetry",
            "module.networking.module.vpc.data.aws_vpc_endpoint_service.efs",
            "module.networking.module.vpc.data.aws_vpc_endpoint_service.elastic_inference_runtime",
            "module.networking.module.vpc.data.aws_vpc_endpoint_service.elasticbeanstalk",
            "module.networking.module.vpc.data.aws_vpc_endpoint_service.elasticbeanstalk_health",
            "module.networking.module.vpc.data.aws_vpc_endpoint_service.elasticloadbalancing",
            "module.networking.module.vpc.data.aws_vpc_endpoint_service.emr",
            "module.networking.module.vpc.data.aws_vpc_endpoint_service.events",
            "module.networking.module.vpc.data.aws_vpc_endpoint_service.git_codecommit",
            "module.networking.module.vpc.data.aws_vpc_endpoint_service.glue",
            "module.networking.module.vpc.data.aws_vpc_endpoint_service.kinesis_firehose",
            "module.networking.module.vpc.data.aws_vpc_endpoint_service.kinesis_streams",
            "module.networking.module.vpc.data.aws_vpc_endpoint_service.kms",
            "module.networking.module.vpc.data.aws_vpc_endpoint_service.lambda",
            "module.networking.module.vpc.data.aws_vpc_endpoint_service.logs",
            "module.networking.module.vpc.data.aws_vpc_endpoint_service.monitoring",
            "module.networking.module.vpc.data.aws_vpc_endpoint_service.qldb_session",
            "module.networking.module.vpc.data.aws_vpc_endpoint_service.rds",
            "module.networking.module.vpc.data.aws_vpc_endpoint_service.rekognition",
            "module.networking.module.vpc.data.aws_vpc_endpoint_service.s3",
            "module.networking.module.vpc.data.aws_vpc_endpoint_service.sagemaker_api",
            "module.networking.module.vpc.data.aws_vpc_endpoint_service.sagemaker_notebook",
            "module.networking.module.vpc.data.aws_vpc_endpoint_service.sagemaker_runtime",
            "module.networking.module.vpc.data.aws_vpc_endpoint_service.secretsmanager",
            "module.networking.module.vpc.data.aws_vpc_endpoint_service.servicecatalog",
            "module.networking.module.vpc.data.aws_vpc_endpoint_service.ses",
            "module.networking.module.vpc.data.aws_vpc_endpoint_service.sms",
            "module.networking.module.vpc.data.aws_vpc_endpoint_service.sns",
            "module.networking.module.vpc.data.aws_vpc_endpoint_service.sqs",
            "module.networking.module.vpc.data.aws_vpc_endpoint_service.ssm",
            "module.networking.module.vpc.data.aws_vpc_endpoint_service.ssmmessages",
            "module.networking.module.vpc.data.aws_vpc_endpoint_service.states",
            "module.networking.module.vpc.data.aws_vpc_endpoint_service.storagegateway",
            "module.networking.module.vpc.data.aws_vpc_endpoint_service.sts",
            "module.networking.module.vpc.data.aws_vpc_endpoint_service.textract",
            "module.networking.module.vpc.data.aws_vpc_endpoint_service.transfer",
            "module.networking.module.vpc.data.aws_vpc_endpoint_service.transferserver",
            "module.networking.module.vpc.data.aws_vpc_endpoint_service.workspaces",
            "module.networking.module.websvr_sg.aws_security_group.security_group"
          ]
        }
      ]
    },
    {
      "module": "module.autoscaling",
      "mode": "managed",
      "type": "aws_launch_template",
      "name": "webserver",
      "provider": "provider[\"registry.terraform.io/hashicorp/aws\"]",
      "instances": [
        {
          "schema_version": 0,
          "attributes": {
            "arn": "arn:aws:ec2:us-west-2:625413607130:launch-template/lt-07d2127b5845aaefb",
            "block_device_mappings": [],
            "capacity_reservation_specification": [],
            "cpu_options": [],
            "credit_specification": [],
            "default_version": 1,
            "description": "",
            "disable_api_termination": false,
            "ebs_optimized": "",
            "elastic_gpu_specifications": [],
            "elastic_inference_accelerator": [],
            "enclave_options": [],
            "hibernation_options": [],
            "iam_instance_profile": [
              {
                "arn": "",
                "name": "terraform-20220416042637962000000002"
              }
            ],
            "id": "lt-07d2127b5845aaefb",
            "image_id": "ami-0cfa91bdbc3be780c",
            "instance_initiated_shutdown_behavior": "",
            "instance_market_options": [],
            "instance_type": "t2.micro",
            "kernel_id": "",
            "key_name": "",
            "latest_version": 1,
            "license_specification": [],
            "metadata_options": [],
            "monitoring": [],
            "name": "my-cool-project20220416043400776500000008",
            "name_prefix": "my-cool-project",
            "network_interfaces": [],
            "placement": [],
            "ram_disk_id": "",
            "security_group_names": null,
            "tag_specifications": [],
            "tags": null,
            "tags_all": {},
            "update_default_version": null,
            "user_data": "H4sIAAAAAAAA/2SSUW/TMBDH3yP1O5zMK04Km4Yw4gHYHoY2kNAAIYQqx76l3hzbu7s06xjfHaUrpdPyENv3//l/p/N9yEkwib5YFzTQD1FCsSRNH27Rv4E2D8lbWr9V56fnJ+8/f/10/O7LD1VNJ/0NiUNOBl7U81k1q7Teh2bVzpts4kskfZJc9iF1Bl61QfaATXLBW2lczIPXLqfL0M2q89DjkzTP9plqpCC4uAwR2VQAGgCKlaWBBsU1jLRCqie2gs2Xx4RkgHIWM/224YLUB57ysAE1Pzo8VFvFPRRp4H4bAPi92wGogZGUAVDW9yGp5/tascxjJq8MqNX3dPsxH5+404t5WnRnj0lvxbaWcSILCj9WE0rMbtL6tXY5R10oX6ET7VsdEotNDmu3HIb162vvjlapHliPyKJf1uS5tr29y8mOXLvcm4OD+ZHa+f+paEiu9w/tcwNF0HwGS5HCpmlsCXUXZDm0092GsGRu2GWRMaTriNSsbAoxWj1i+9BvzeQawoiWkZtoBVngHq5uQBOo2jKj8M9fdUt5ZKSFz2OK2frFQFHBPYwdCuibABo2NQ3pLhTwWGJe95ikvgtlI9TN/+D2rati3bXt/k3D1c1mmRz3rJ4Mq9az6m8AAAD//7rJAawLAwAA",
            "vpc_security_group_ids": [
              "sg-0fde6bd37fd6f0acb"
            ]
          },
          "sensitive_attributes": [],
          "private": "bnVsbA==",
          "dependencies": [
            "module.autoscaling.data.aws_ami.ubuntu",
            "module.autoscaling.data.cloudinit_config.config",
            "module.autoscaling.module.iam_instance_profile.aws_iam_instance_profile.iam_instance_profile",
            "module.autoscaling.module.iam_instance_profile.aws_iam_role.iam_role",
            "module.database.aws_db_instance.database",
            "module.database.random_password.password",
            "module.networking.data.aws_availability_zones.available",
            "module.networking.module.db_sg.aws_security_group.security_group",
            "module.networking.module.lb_sg.aws_security_group.security_group",
            "module.networking.module.vpc.aws_cloudwatch_log_group.flow_log",
            "module.networking.module.vpc.aws_customer_gateway.this",
            "module.networking.module.vpc.aws_db_subnet_group.database",
            "module.networking.module.vpc.aws_default_network_acl.this",
            "module.networking.module.vpc.aws_default_security_group.this",
            "module.networking.module.vpc.aws_default_vpc.this",
            "module.networking.module.vpc.aws_egress_only_internet_gateway.this",
            "module.networking.module.vpc.aws_eip.nat",
            "module.networking.module.vpc.aws_elasticache_subnet_group.elasticache",
            "module.networking.module.vpc.aws_flow_log.this",
            "module.networking.module.vpc.aws_iam_policy.vpc_flow_log_cloudwatch",
            "module.networking.module.vpc.aws_iam_role.vpc_flow_log_cloudwatch",
            "module.networking.module.vpc.aws_iam_role_policy_attachment.vpc_flow_log_cloudwatch",
            "module.networking.module.vpc.aws_internet_gateway.this",
            "module.networking.module.vpc.aws_nat_gateway.this",
            "module.networking.module.vpc.aws_network_acl.database",
            "module.networking.module.vpc.aws_network_acl.elasticache",
            "module.networking.module.vpc.aws_network_acl.intra",
            "module.networking.module.vpc.aws_network_acl.private",
            "module.networking.module.vpc.aws_network_acl.public",
            "module.networking.module.vpc.aws_network_acl.redshift",
            "module.networking.module.vpc.aws_network_acl_rule.database_inbound",
            "module.networking.module.vpc.aws_network_acl_rule.database_outbound",
            "module.networking.module.vpc.aws_network_acl_rule.elasticache_inbound",
            "module.networking.module.vpc.aws_network_acl_rule.elasticache_outbound",
            "module.networking.module.vpc.aws_network_acl_rule.intra_inbound",
            "module.networking.module.vpc.aws_network_acl_rule.intra_outbound",
            "module.networking.module.vpc.aws_network_acl_rule.private_inbound",
            "module.networking.module.vpc.aws_network_acl_rule.private_outbound",
            "module.networking.module.vpc.aws_network_acl_rule.public_inbound",
            "module.networking.module.vpc.aws_network_acl_rule.public_outbound",
            "module.networking.module.vpc.aws_network_acl_rule.redshift_inbound",
            "module.networking.module.vpc.aws_network_acl_rule.redshift_outbound",
            "module.networking.module.vpc.aws_redshift_subnet_group.redshift",
            "module.networking.module.vpc.aws_route.database_internet_gateway",
            "module.networking.module.vpc.aws_route.database_ipv6_egress",
            "module.networking.module.vpc.aws_route.database_nat_gateway",
            "module.networking.module.vpc.aws_route.private_ipv6_egress",
            "module.networking.module.vpc.aws_route.private_nat_gateway",
            "module.networking.module.vpc.aws_route.public_internet_gateway",
            "module.networking.module.vpc.aws_route.public_internet_gateway_ipv6",
            "module.networking.module.vpc.aws_route_table.database",
            "module.networking.module.vpc.aws_route_table.elasticache",
            "module.networking.module.vpc.aws_route_table.intra",
            "module.networking.module.vpc.aws_route_table.private",
            "module.networking.module.vpc.aws_route_table.public",
            "module.networking.module.vpc.aws_route_table.redshift",
            "module.networking.module.vpc.aws_route_table_association.database",
            "module.networking.module.vpc.aws_route_table_association.elasticache",
            "module.networking.module.vpc.aws_route_table_association.intra",
            "module.networking.module.vpc.aws_route_table_association.private",
            "module.networking.module.vpc.aws_route_table_association.public",
            "module.networking.module.vpc.aws_route_table_association.redshift",
            "module.networking.module.vpc.aws_route_table_association.redshift_public",
            "module.networking.module.vpc.aws_subnet.database",
            "module.networking.module.vpc.aws_subnet.elasticache",
            "module.networking.module.vpc.aws_subnet.intra",
            "module.networking.module.vpc.aws_subnet.private",
            "module.networking.module.vpc.aws_subnet.public",
            "module.networking.module.vpc.aws_subnet.redshift",
            "module.networking.module.vpc.aws_vpc.this",
            "module.networking.module.vpc.aws_vpc_dhcp_options.this",
            "module.networking.module.vpc.aws_vpc_dhcp_options_association.this",
            "module.networking.module.vpc.aws_vpc_endpoint.access_analyzer",
            "module.networking.module.vpc.aws_vpc_endpoint.acm_pca",
            "module.networking.module.vpc.aws_vpc_endpoint.apigw",
            "module.networking.module.vpc.aws_vpc_endpoint.appmesh_envoy_management",
            "module.networking.module.vpc.aws_vpc_endpoint.appstream_api",
            "module.networking.module.vpc.aws_vpc_endpoint.appstream_streaming",
            "module.networking.module.vpc.aws_vpc_endpoint.athena",
            "module.networking.module.vpc.aws_vpc_endpoint.auto_scaling_plans",
            "module.networking.module.vpc.aws_vpc_endpoint.cloud_directory",
            "module.networking.module.vpc.aws_vpc_endpoint.cloudformation",
            "module.networking.module.vpc.aws_vpc_endpoint.cloudtrail",
            "module.networking.module.vpc.aws_vpc_endpoint.codeartifact_api",
            "module.networking.module.vpc.aws_vpc_endpoint.codeartifact_repositories",
            "module.networking.module.vpc.aws_vpc_endpoint.codebuild",
            "module.networking.module.vpc.aws_vpc_endpoint.codecommit",
            "module.networking.module.vpc.aws_vpc_endpoint.codedeploy",
            "module.networking.module.vpc.aws_vpc_endpoint.codedeploy_commands_secure",
            "module.networking.module.vpc.aws_vpc_endpoint.codepipeline",
            "module.networking.module.vpc.aws_vpc_endpoint.config",
            "module.networking.module.vpc.aws_vpc_endpoint.datasync",
            "module.networking.module.vpc.aws_vpc_endpoint.dynamodb",
            "module.networking.module.vpc.aws_vpc_endpoint.ebs",
            "module.networking.module.vpc.aws_vpc_endpoint.ec2",
            "module.networking.module.vpc.aws_vpc_endpoint.ec2_autoscaling",
            "module.networking.module.vpc.aws_vpc_endpoint.ec2messages",
            "module.networking.module.vpc.aws_vpc_endpoint.ecr_api",
            "module.networking.module.vpc.aws_vpc_endpoint.ecr_dkr",
            "module.networking.module.vpc.aws_vpc_endpoint.ecs",
            "module.networking.module.vpc.aws_vpc_endpoint.ecs_agent",
            "module.networking.module.vpc.aws_vpc_endpoint.ecs_telemetry",
            "module.networking.module.vpc.aws_vpc_endpoint.efs",
            "module.networking.module.vpc.aws_vpc_endpoint.elastic_inference_runtime",
            "module.networking.module.vpc.aws_vpc_endpoint.elasticbeanstalk",
            "module.networking.module.vpc.aws_vpc_endpoint.elasticbeanstalk_health",
            "module.networking.module.vpc.aws_vpc_endpoint.elasticloadbalancing",
            "module.networking.module.vpc.aws_vpc_endpoint.emr",
            "module.networking.module.vpc.aws_vpc_endpoint.events",
            "module.networking.module.vpc.aws_vpc_endpoint.git_codecommit",
            "module.networking.module.vpc.aws_vpc_endpoint.glue",
            "module.networking.module.vpc.aws_vpc_endpoint.kinesis_firehose",
            "module.networking.module.vpc.aws_vpc_endpoint.kinesis_streams",
            "module.networking.module.vpc.aws_vpc_endpoint.kms",
            "module.networking.module.vpc.aws_vpc_endpoint.lambda",
            "module.networking.module.vpc.aws_vpc_endpoint.logs",
            "module.networking.module.vpc.aws_vpc_endpoint.monitoring",
            "module.networking.module.vpc.aws_vpc_endpoint.qldb_session",
            "module.networking.module.vpc.aws_vpc_endpoint.rds",
            "module.networking.module.vpc.aws_vpc_endpoint.rekognition",
            "module.networking.module.vpc.aws_vpc_endpoint.s3",
            "module.networking.module.vpc.aws_vpc_endpoint.sagemaker_api",
            "module.networking.module.vpc.aws_vpc_endpoint.sagemaker_notebook",
            "module.networking.module.vpc.aws_vpc_endpoint.sagemaker_runtime",
            "module.networking.module.vpc.aws_vpc_endpoint.secretsmanager",
            "module.networking.module.vpc.aws_vpc_endpoint.servicecatalog",
            "module.networking.module.vpc.aws_vpc_endpoint.ses",
            "module.networking.module.vpc.aws_vpc_endpoint.sms",
            "module.networking.module.vpc.aws_vpc_endpoint.sns",
            "module.networking.module.vpc.aws_vpc_endpoint.sqs",
            "module.networking.module.vpc.aws_vpc_endpoint.ssm",
            "module.networking.module.vpc.aws_vpc_endpoint.ssmmessages",
            "module.networking.module.vpc.aws_vpc_endpoint.states",
            "module.networking.module.vpc.aws_vpc_endpoint.storagegateway",
            "module.networking.module.vpc.aws_vpc_endpoint.sts",
            "module.networking.module.vpc.aws_vpc_endpoint.textract",
            "module.networking.module.vpc.aws_vpc_endpoint.transfer",
            "module.networking.module.vpc.aws_vpc_endpoint.transferserver",
            "module.networking.module.vpc.aws_vpc_endpoint.workspaces",
            "module.networking.module.vpc.aws_vpc_endpoint_route_table_association.intra_dynamodb",
            "module.networking.module.vpc.aws_vpc_endpoint_route_table_association.intra_s3",
            "module.networking.module.vpc.aws_vpc_endpoint_route_table_association.private_dynamodb",
            "module.networking.module.vpc.aws_vpc_endpoint_route_table_association.private_s3",
            "module.networking.module.vpc.aws_vpc_endpoint_route_table_association.public_dynamodb",
            "module.networking.module.vpc.aws_vpc_endpoint_route_table_association.public_s3",
            "module.networking.module.vpc.aws_vpc_ipv4_cidr_block_association.this",
            "module.networking.module.vpc.aws_vpn_gateway.this",
            "module.networking.module.vpc.aws_vpn_gateway_attachment.this",
            "module.networking.module.vpc.aws_vpn_gateway_route_propagation.intra",
            "module.networking.module.vpc.aws_vpn_gateway_route_propagation.private",
            "module.networking.module.vpc.aws_vpn_gateway_route_propagation.public",
            "module.networking.module.vpc.data.aws_iam_policy_document.flow_log_cloudwatch_assume_role",
            "module.networking.module.vpc.data.aws_iam_policy_document.vpc_flow_log_cloudwatch",
            "module.networking.module.vpc.data.aws_vpc_endpoint_service.access_analyzer",
            "module.networking.module.vpc.data.aws_vpc_endpoint_service.acm_pca",
            "module.networking.module.vpc.data.aws_vpc_endpoint_service.apigw",
            "module.networking.module.vpc.data.aws_vpc_endpoint_service.appmesh_envoy_management",
            "module.networking.module.vpc.data.aws_vpc_endpoint_service.appstream_api",
            "module.networking.module.vpc.data.aws_vpc_endpoint_service.appstream_streaming",
            "module.networking.module.vpc.data.aws_vpc_endpoint_service.athena",
            "module.networking.module.vpc.data.aws_vpc_endpoint_service.auto_scaling_plans",
            "module.networking.module.vpc.data.aws_vpc_endpoint_service.cloud_directory",
            "module.networking.module.vpc.data.aws_vpc_endpoint_service.cloudformation",
            "module.networking.module.vpc.data.aws_vpc_endpoint_service.cloudtrail",
            "module.networking.module.vpc.data.aws_vpc_endpoint_service.codeartifact_api",
            "module.networking.module.vpc.data.aws_vpc_endpoint_service.codeartifact_repositories",
            "module.networking.module.vpc.data.aws_vpc_endpoint_service.codebuild",
            "module.networking.module.vpc.data.aws_vpc_endpoint_service.codecommit",
            "module.networking.module.vpc.data.aws_vpc_endpoint_service.codedeploy",
            "module.networking.module.vpc.data.aws_vpc_endpoint_service.codedeploy_commands_secure",
            "module.networking.module.vpc.data.aws_vpc_endpoint_service.codepipeline",
            "module.networking.module.vpc.data.aws_vpc_endpoint_service.config",
            "module.networking.module.vpc.data.aws_vpc_endpoint_service.datasync",
            "module.networking.module.vpc.data.aws_vpc_endpoint_service.dynamodb",
            "module.networking.module.vpc.data.aws_vpc_endpoint_service.ebs",
            "module.networking.module.vpc.data.aws_vpc_endpoint_service.ec2",
            "module.networking.module.vpc.data.aws_vpc_endpoint_service.ec2_autoscaling",
            "module.networking.module.vpc.data.aws_vpc_endpoint_service.ec2messages",
            "module.networking.module.vpc.data.aws_vpc_endpoint_service.ecr_api",
            "module.networking.module.vpc.data.aws_vpc_endpoint_service.ecr_dkr",
            "module.networking.module.vpc.data.aws_vpc_endpoint_service.ecs",
            "module.networking.module.vpc.data.aws_vpc_endpoint_service.ecs_agent",
            "module.networking.module.vpc.data.aws_vpc_endpoint_service.ecs_telemetry",
            "module.networking.module.vpc.data.aws_vpc_endpoint_service.efs",
            "module.networking.module.vpc.data.aws_vpc_endpoint_service.elastic_inference_runtime",
            "module.networking.module.vpc.data.aws_vpc_endpoint_service.elasticbeanstalk",
            "module.networking.module.vpc.data.aws_vpc_endpoint_service.elasticbeanstalk_health",
            "module.networking.module.vpc.data.aws_vpc_endpoint_service.elasticloadbalancing",
            "module.networking.module.vpc.data.aws_vpc_endpoint_service.emr",
            "module.networking.module.vpc.data.aws_vpc_endpoint_service.events",
            "module.networking.module.vpc.data.aws_vpc_endpoint_service.git_codecommit",
            "module.networking.module.vpc.data.aws_vpc_endpoint_service.glue",
            "module.networking.module.vpc.data.aws_vpc_endpoint_service.kinesis_firehose",
            "module.networking.module.vpc.data.aws_vpc_endpoint_service.kinesis_streams",
            "module.networking.module.vpc.data.aws_vpc_endpoint_service.kms",
            "module.networking.module.vpc.data.aws_vpc_endpoint_service.lambda",
            "module.networking.module.vpc.data.aws_vpc_endpoint_service.logs",
            "module.networking.module.vpc.data.aws_vpc_endpoint_service.monitoring",
            "module.networking.module.vpc.data.aws_vpc_endpoint_service.qldb_session",
            "module.networking.module.vpc.data.aws_vpc_endpoint_service.rds",
            "module.networking.module.vpc.data.aws_vpc_endpoint_service.rekognition",
            "module.networking.module.vpc.data.aws_vpc_endpoint_service.s3",
            "module.networking.module.vpc.data.aws_vpc_endpoint_service.sagemaker_api",
            "module.networking.module.vpc.data.aws_vpc_endpoint_service.sagemaker_notebook",
            "module.networking.module.vpc.data.aws_vpc_endpoint_service.sagemaker_runtime",
            "module.networking.module.vpc.data.aws_vpc_endpoint_service.secretsmanager",
            "module.networking.module.vpc.data.aws_vpc_endpoint_service.servicecatalog",
            "module.networking.module.vpc.data.aws_vpc_endpoint_service.ses",
            "module.networking.module.vpc.data.aws_vpc_endpoint_service.sms",
            "module.networking.module.vpc.data.aws_vpc_endpoint_service.sns",
            "module.networking.module.vpc.data.aws_vpc_endpoint_service.sqs",
            "module.networking.module.vpc.data.aws_vpc_endpoint_service.ssm",
            "module.networking.module.vpc.data.aws_vpc_endpoint_service.ssmmessages",
            "module.networking.module.vpc.data.aws_vpc_endpoint_service.states",
            "module.networking.module.vpc.data.aws_vpc_endpoint_service.storagegateway",
            "module.networking.module.vpc.data.aws_vpc_endpoint_service.sts",
            "module.networking.module.vpc.data.aws_vpc_endpoint_service.textract",
            "module.networking.module.vpc.data.aws_vpc_endpoint_service.transfer",
            "module.networking.module.vpc.data.aws_vpc_endpoint_service.transferserver",
            "module.networking.module.vpc.data.aws_vpc_endpoint_service.workspaces",
            "module.networking.module.websvr_sg.aws_security_group.security_group"
          ]
        }
      ]
    },
    {
      "module": "module.autoscaling.module.alb",
      "mode": "managed",
      "type": "aws_lb",
      "name": "this",
      "provider": "provider[\"registry.terraform.io/hashicorp/aws\"]",
      "instances": [
        {
          "index_key": 0,
          "schema_version": 0,
          "attributes": {
            "access_logs": [
              {
                "bucket": "",
                "enabled": false,
                "prefix": ""
              }
            ],
            "arn": "arn:aws:elasticloadbalancing:us-west-2:625413607130:loadbalancer/app/my-cool-project/872fc5e8beeec799",
            "arn_suffix": "app/my-cool-project/872fc5e8beeec799",
            "customer_owned_ipv4_pool": "",
            "desync_mitigation_mode": "defensive",
            "dns_name": "my-cool-project-1881601205.us-west-2.elb.amazonaws.com",
            "drop_invalid_header_fields": false,
            "enable_cross_zone_load_balancing": null,
            "enable_deletion_protection": false,
            "enable_http2": true,
            "enable_waf_fail_open": false,
            "id": "arn:aws:elasticloadbalancing:us-west-2:625413607130:loadbalancer/app/my-cool-project/872fc5e8beeec799",
            "idle_timeout": 60,
            "internal": false,
            "ip_address_type": "ipv4",
            "load_balancer_type": "application",
            "name": "my-cool-project",
            "name_prefix": null,
            "security_groups": [
              "sg-03162180daa3e906a"
            ],
            "subnet_mapping": [
              {
                "allocation_id": "",
                "ipv6_address": "",
                "outpost_id": "",
                "private_ipv4_address": "",
                "subnet_id": "subnet-01044590de6f63dee"
              },
              {
                "allocation_id": "",
                "ipv6_address": "",
                "outpost_id": "",
                "private_ipv4_address": "",
                "subnet_id": "subnet-086613f53bb635457"
              },
              {
                "allocation_id": "",
                "ipv6_address": "",
                "outpost_id": "",
                "private_ipv4_address": "",
                "subnet_id": "subnet-0de4d0ae0cf333407"
              }
            ],
            "subnets": [
              "subnet-01044590de6f63dee",
              "subnet-086613f53bb635457",
              "subnet-0de4d0ae0cf333407"
            ],
            "tags": {
              "Name": "my-cool-project"
            },
            "tags_all": {
              "Name": "my-cool-project"
            },
            "timeouts": {
              "create": "10m",
              "delete": "10m",
              "update": "10m"
            },
            "vpc_id": "vpc-0157b9753c2b0ea0d",
            "zone_id": "Z1H1FL5HABSF5"
          },
          "sensitive_attributes": [],
          "private": "eyJlMmJmYjczMC1lY2FhLTExZTYtOGY4OC0zNDM2M2JjN2M0YzAiOnsiY3JlYXRlIjo2MDAwMDAwMDAwMDAsImRlbGV0ZSI6NjAwMDAwMDAwMDAwLCJ1cGRhdGUiOjYwMDAwMDAwMDAwMH19",
          "dependencies": [
            "module.networking.data.aws_availability_zones.available",
            "module.networking.module.db_sg.aws_security_group.security_group",
            "module.networking.module.lb_sg.aws_security_group.security_group",
            "module.networking.module.vpc.aws_cloudwatch_log_group.flow_log",
            "module.networking.module.vpc.aws_customer_gateway.this",
            "module.networking.module.vpc.aws_db_subnet_group.database",
            "module.networking.module.vpc.aws_default_network_acl.this",
            "module.networking.module.vpc.aws_default_security_group.this",
            "module.networking.module.vpc.aws_default_vpc.this",
            "module.networking.module.vpc.aws_egress_only_internet_gateway.this",
            "module.networking.module.vpc.aws_eip.nat",
            "module.networking.module.vpc.aws_elasticache_subnet_group.elasticache",
            "module.networking.module.vpc.aws_flow_log.this",
            "module.networking.module.vpc.aws_iam_policy.vpc_flow_log_cloudwatch",
            "module.networking.module.vpc.aws_iam_role.vpc_flow_log_cloudwatch",
            "module.networking.module.vpc.aws_iam_role_policy_attachment.vpc_flow_log_cloudwatch",
            "module.networking.module.vpc.aws_internet_gateway.this",
            "module.networking.module.vpc.aws_nat_gateway.this",
            "module.networking.module.vpc.aws_network_acl.database",
            "module.networking.module.vpc.aws_network_acl.elasticache",
            "module.networking.module.vpc.aws_network_acl.intra",
            "module.networking.module.vpc.aws_network_acl.private",
            "module.networking.module.vpc.aws_network_acl.public",
            "module.networking.module.vpc.aws_network_acl.redshift",
            "module.networking.module.vpc.aws_network_acl_rule.database_inbound",
            "module.networking.module.vpc.aws_network_acl_rule.database_outbound",
            "module.networking.module.vpc.aws_network_acl_rule.elasticache_inbound",
            "module.networking.module.vpc.aws_network_acl_rule.elasticache_outbound",
            "module.networking.module.vpc.aws_network_acl_rule.intra_inbound",
            "module.networking.module.vpc.aws_network_acl_rule.intra_outbound",
            "module.networking.module.vpc.aws_network_acl_rule.private_inbound",
            "module.networking.module.vpc.aws_network_acl_rule.private_outbound",
            "module.networking.module.vpc.aws_network_acl_rule.public_inbound",
            "module.networking.module.vpc.aws_network_acl_rule.public_outbound",
            "module.networking.module.vpc.aws_network_acl_rule.redshift_inbound",
            "module.networking.module.vpc.aws_network_acl_rule.redshift_outbound",
            "module.networking.module.vpc.aws_redshift_subnet_group.redshift",
            "module.networking.module.vpc.aws_route.database_internet_gateway",
            "module.networking.module.vpc.aws_route.database_ipv6_egress",
            "module.networking.module.vpc.aws_route.database_nat_gateway",
            "module.networking.module.vpc.aws_route.private_ipv6_egress",
            "module.networking.module.vpc.aws_route.private_nat_gateway",
            "module.networking.module.vpc.aws_route.public_internet_gateway",
            "module.networking.module.vpc.aws_route.public_internet_gateway_ipv6",
            "module.networking.module.vpc.aws_route_table.database",
            "module.networking.module.vpc.aws_route_table.elasticache",
            "module.networking.module.vpc.aws_route_table.intra",
            "module.networking.module.vpc.aws_route_table.private",
            "module.networking.module.vpc.aws_route_table.public",
            "module.networking.module.vpc.aws_route_table.redshift",
            "module.networking.module.vpc.aws_route_table_association.database",
            "module.networking.module.vpc.aws_route_table_association.elasticache",
            "module.networking.module.vpc.aws_route_table_association.intra",
            "module.networking.module.vpc.aws_route_table_association.private",
            "module.networking.module.vpc.aws_route_table_association.public",
            "module.networking.module.vpc.aws_route_table_association.redshift",
            "module.networking.module.vpc.aws_route_table_association.redshift_public",
            "module.networking.module.vpc.aws_subnet.database",
            "module.networking.module.vpc.aws_subnet.elasticache",
            "module.networking.module.vpc.aws_subnet.intra",
            "module.networking.module.vpc.aws_subnet.private",
            "module.networking.module.vpc.aws_subnet.public",
            "module.networking.module.vpc.aws_subnet.redshift",
            "module.networking.module.vpc.aws_vpc.this",
            "module.networking.module.vpc.aws_vpc_dhcp_options.this",
            "module.networking.module.vpc.aws_vpc_dhcp_options_association.this",
            "module.networking.module.vpc.aws_vpc_endpoint.access_analyzer",
            "module.networking.module.vpc.aws_vpc_endpoint.acm_pca",
            "module.networking.module.vpc.aws_vpc_endpoint.apigw",
            "module.networking.module.vpc.aws_vpc_endpoint.appmesh_envoy_management",
            "module.networking.module.vpc.aws_vpc_endpoint.appstream_api",
            "module.networking.module.vpc.aws_vpc_endpoint.appstream_streaming",
            "module.networking.module.vpc.aws_vpc_endpoint.athena",
            "module.networking.module.vpc.aws_vpc_endpoint.auto_scaling_plans",
            "module.networking.module.vpc.aws_vpc_endpoint.cloud_directory",
            "module.networking.module.vpc.aws_vpc_endpoint.cloudformation",
            "module.networking.module.vpc.aws_vpc_endpoint.cloudtrail",
            "module.networking.module.vpc.aws_vpc_endpoint.codeartifact_api",
            "module.networking.module.vpc.aws_vpc_endpoint.codeartifact_repositories",
            "module.networking.module.vpc.aws_vpc_endpoint.codebuild",
            "module.networking.module.vpc.aws_vpc_endpoint.codecommit",
            "module.networking.module.vpc.aws_vpc_endpoint.codedeploy",
            "module.networking.module.vpc.aws_vpc_endpoint.codedeploy_commands_secure",
            "module.networking.module.vpc.aws_vpc_endpoint.codepipeline",
            "module.networking.module.vpc.aws_vpc_endpoint.config",
            "module.networking.module.vpc.aws_vpc_endpoint.datasync",
            "module.networking.module.vpc.aws_vpc_endpoint.dynamodb",
            "module.networking.module.vpc.aws_vpc_endpoint.ebs",
            "module.networking.module.vpc.aws_vpc_endpoint.ec2",
            "module.networking.module.vpc.aws_vpc_endpoint.ec2_autoscaling",
            "module.networking.module.vpc.aws_vpc_endpoint.ec2messages",
            "module.networking.module.vpc.aws_vpc_endpoint.ecr_api",
            "module.networking.module.vpc.aws_vpc_endpoint.ecr_dkr",
            "module.networking.module.vpc.aws_vpc_endpoint.ecs",
            "module.networking.module.vpc.aws_vpc_endpoint.ecs_agent",
            "module.networking.module.vpc.aws_vpc_endpoint.ecs_telemetry",
            "module.networking.module.vpc.aws_vpc_endpoint.efs",
            "module.networking.module.vpc.aws_vpc_endpoint.elastic_inference_runtime",
            "module.networking.module.vpc.aws_vpc_endpoint.elasticbeanstalk",
            "module.networking.module.vpc.aws_vpc_endpoint.elasticbeanstalk_health",
            "module.networking.module.vpc.aws_vpc_endpoint.elasticloadbalancing",
            "module.networking.module.vpc.aws_vpc_endpoint.emr",
            "module.networking.module.vpc.aws_vpc_endpoint.events",
            "module.networking.module.vpc.aws_vpc_endpoint.git_codecommit",
            "module.networking.module.vpc.aws_vpc_endpoint.glue",
            "module.networking.module.vpc.aws_vpc_endpoint.kinesis_firehose",
            "module.networking.module.vpc.aws_vpc_endpoint.kinesis_streams",
            "module.networking.module.vpc.aws_vpc_endpoint.kms",
            "module.networking.module.vpc.aws_vpc_endpoint.lambda",
            "module.networking.module.vpc.aws_vpc_endpoint.logs",
            "module.networking.module.vpc.aws_vpc_endpoint.monitoring",
            "module.networking.module.vpc.aws_vpc_endpoint.qldb_session",
            "module.networking.module.vpc.aws_vpc_endpoint.rds",
            "module.networking.module.vpc.aws_vpc_endpoint.rekognition",
            "module.networking.module.vpc.aws_vpc_endpoint.s3",
            "module.networking.module.vpc.aws_vpc_endpoint.sagemaker_api",
            "module.networking.module.vpc.aws_vpc_endpoint.sagemaker_notebook",
            "module.networking.module.vpc.aws_vpc_endpoint.sagemaker_runtime",
            "module.networking.module.vpc.aws_vpc_endpoint.secretsmanager",
            "module.networking.module.vpc.aws_vpc_endpoint.servicecatalog",
            "module.networking.module.vpc.aws_vpc_endpoint.ses",
            "module.networking.module.vpc.aws_vpc_endpoint.sms",
            "module.networking.module.vpc.aws_vpc_endpoint.sns",
            "module.networking.module.vpc.aws_vpc_endpoint.sqs",
            "module.networking.module.vpc.aws_vpc_endpoint.ssm",
            "module.networking.module.vpc.aws_vpc_endpoint.ssmmessages",
            "module.networking.module.vpc.aws_vpc_endpoint.states",
            "module.networking.module.vpc.aws_vpc_endpoint.storagegateway",
            "module.networking.module.vpc.aws_vpc_endpoint.sts",
            "module.networking.module.vpc.aws_vpc_endpoint.textract",
            "module.networking.module.vpc.aws_vpc_endpoint.transfer",
            "module.networking.module.vpc.aws_vpc_endpoint.transferserver",
            "module.networking.module.vpc.aws_vpc_endpoint.workspaces",
            "module.networking.module.vpc.aws_vpc_endpoint_route_table_association.intra_dynamodb",
            "module.networking.module.vpc.aws_vpc_endpoint_route_table_association.intra_s3",
            "module.networking.module.vpc.aws_vpc_endpoint_route_table_association.private_dynamodb",
            "module.networking.module.vpc.aws_vpc_endpoint_route_table_association.private_s3",
            "module.networking.module.vpc.aws_vpc_endpoint_route_table_association.public_dynamodb",
            "module.networking.module.vpc.aws_vpc_endpoint_route_table_association.public_s3",
            "module.networking.module.vpc.aws_vpc_ipv4_cidr_block_association.this",
            "module.networking.module.vpc.aws_vpn_gateway.this",
            "module.networking.module.vpc.aws_vpn_gateway_attachment.this",
            "module.networking.module.vpc.aws_vpn_gateway_route_propagation.intra",
            "module.networking.module.vpc.aws_vpn_gateway_route_propagation.private",
            "module.networking.module.vpc.aws_vpn_gateway_route_propagation.public",
            "module.networking.module.vpc.data.aws_iam_policy_document.flow_log_cloudwatch_assume_role",
            "module.networking.module.vpc.data.aws_iam_policy_document.vpc_flow_log_cloudwatch",
            "module.networking.module.vpc.data.aws_vpc_endpoint_service.access_analyzer",
            "module.networking.module.vpc.data.aws_vpc_endpoint_service.acm_pca",
            "module.networking.module.vpc.data.aws_vpc_endpoint_service.apigw",
            "module.networking.module.vpc.data.aws_vpc_endpoint_service.appmesh_envoy_management",
            "module.networking.module.vpc.data.aws_vpc_endpoint_service.appstream_api",
            "module.networking.module.vpc.data.aws_vpc_endpoint_service.appstream_streaming",
            "module.networking.module.vpc.data.aws_vpc_endpoint_service.athena",
            "module.networking.module.vpc.data.aws_vpc_endpoint_service.auto_scaling_plans",
            "module.networking.module.vpc.data.aws_vpc_endpoint_service.cloud_directory",
            "module.networking.module.vpc.data.aws_vpc_endpoint_service.cloudformation",
            "module.networking.module.vpc.data.aws_vpc_endpoint_service.cloudtrail",
            "module.networking.module.vpc.data.aws_vpc_endpoint_service.codeartifact_api",
            "module.networking.module.vpc.data.aws_vpc_endpoint_service.codeartifact_repositories",
            "module.networking.module.vpc.data.aws_vpc_endpoint_service.codebuild",
            "module.networking.module.vpc.data.aws_vpc_endpoint_service.codecommit",
            "module.networking.module.vpc.data.aws_vpc_endpoint_service.codedeploy",
            "module.networking.module.vpc.data.aws_vpc_endpoint_service.codedeploy_commands_secure",
            "module.networking.module.vpc.data.aws_vpc_endpoint_service.codepipeline",
            "module.networking.module.vpc.data.aws_vpc_endpoint_service.config",
            "module.networking.module.vpc.data.aws_vpc_endpoint_service.datasync",
            "module.networking.module.vpc.data.aws_vpc_endpoint_service.dynamodb",
            "module.networking.module.vpc.data.aws_vpc_endpoint_service.ebs",
            "module.networking.module.vpc.data.aws_vpc_endpoint_service.ec2",
            "module.networking.module.vpc.data.aws_vpc_endpoint_service.ec2_autoscaling",
            "module.networking.module.vpc.data.aws_vpc_endpoint_service.ec2messages",
            "module.networking.module.vpc.data.aws_vpc_endpoint_service.ecr_api",
            "module.networking.module.vpc.data.aws_vpc_endpoint_service.ecr_dkr",
            "module.networking.module.vpc.data.aws_vpc_endpoint_service.ecs",
            "module.networking.module.vpc.data.aws_vpc_endpoint_service.ecs_agent",
            "module.networking.module.vpc.data.aws_vpc_endpoint_service.ecs_telemetry",
            "module.networking.module.vpc.data.aws_vpc_endpoint_service.efs",
            "module.networking.module.vpc.data.aws_vpc_endpoint_service.elastic_inference_runtime",
            "module.networking.module.vpc.data.aws_vpc_endpoint_service.elasticbeanstalk",
            "module.networking.module.vpc.data.aws_vpc_endpoint_service.elasticbeanstalk_health",
            "module.networking.module.vpc.data.aws_vpc_endpoint_service.elasticloadbalancing",
            "module.networking.module.vpc.data.aws_vpc_endpoint_service.emr",
            "module.networking.module.vpc.data.aws_vpc_endpoint_service.events",
            "module.networking.module.vpc.data.aws_vpc_endpoint_service.git_codecommit",
            "module.networking.module.vpc.data.aws_vpc_endpoint_service.glue",
            "module.networking.module.vpc.data.aws_vpc_endpoint_service.kinesis_firehose",
            "module.networking.module.vpc.data.aws_vpc_endpoint_service.kinesis_streams",
            "module.networking.module.vpc.data.aws_vpc_endpoint_service.kms",
            "module.networking.module.vpc.data.aws_vpc_endpoint_service.lambda",
            "module.networking.module.vpc.data.aws_vpc_endpoint_service.logs",
            "module.networking.module.vpc.data.aws_vpc_endpoint_service.monitoring",
            "module.networking.module.vpc.data.aws_vpc_endpoint_service.qldb_session",
            "module.networking.module.vpc.data.aws_vpc_endpoint_service.rds",
            "module.networking.module.vpc.data.aws_vpc_endpoint_service.rekognition",
            "module.networking.module.vpc.data.aws_vpc_endpoint_service.s3",
            "module.networking.module.vpc.data.aws_vpc_endpoint_service.sagemaker_api",
            "module.networking.module.vpc.data.aws_vpc_endpoint_service.sagemaker_notebook",
            "module.networking.module.vpc.data.aws_vpc_endpoint_service.sagemaker_runtime",
            "module.networking.module.vpc.data.aws_vpc_endpoint_service.secretsmanager",
            "module.networking.module.vpc.data.aws_vpc_endpoint_service.servicecatalog",
            "module.networking.module.vpc.data.aws_vpc_endpoint_service.ses",
            "module.networking.module.vpc.data.aws_vpc_endpoint_service.sms",
            "module.networking.module.vpc.data.aws_vpc_endpoint_service.sns",
            "module.networking.module.vpc.data.aws_vpc_endpoint_service.sqs",
            "module.networking.module.vpc.data.aws_vpc_endpoint_service.ssm",
            "module.networking.module.vpc.data.aws_vpc_endpoint_service.ssmmessages",
            "module.networking.module.vpc.data.aws_vpc_endpoint_service.states",
            "module.networking.module.vpc.data.aws_vpc_endpoint_service.storagegateway",
            "module.networking.module.vpc.data.aws_vpc_endpoint_service.sts",
            "module.networking.module.vpc.data.aws_vpc_endpoint_service.textract",
            "module.networking.module.vpc.data.aws_vpc_endpoint_service.transfer",
            "module.networking.module.vpc.data.aws_vpc_endpoint_service.transferserver",
            "module.networking.module.vpc.data.aws_vpc_endpoint_service.workspaces",
            "module.networking.module.websvr_sg.aws_security_group.security_group"
          ],
          "create_before_destroy": true
        }
      ]
    },
    {
      "module": "module.autoscaling.module.alb",
      "mode": "managed",
      "type": "aws_lb_listener",
      "name": "frontend_http_tcp",
      "provider": "provider[\"registry.terraform.io/hashicorp/aws\"]",
      "instances": [
        {
          "index_key": 0,
          "schema_version": 0,
          "attributes": {
            "alpn_policy": null,
            "arn": "arn:aws:elasticloadbalancing:us-west-2:625413607130:listener/app/my-cool-project/872fc5e8beeec799/6c606092b6ad0c6b",
            "certificate_arn": null,
            "default_action": [
              {
                "authenticate_cognito": [],
                "authenticate_oidc": [],
                "fixed_response": [],
                "forward": [],
                "order": 1,
                "redirect": [],
                "target_group_arn": "arn:aws:elasticloadbalancing:us-west-2:625413607130:targetgroup/websvr20220416043202100100000007/c49a2bac87c10a87",
                "type": "forward"
              }
            ],
            "id": "arn:aws:elasticloadbalancing:us-west-2:625413607130:listener/app/my-cool-project/872fc5e8beeec799/6c606092b6ad0c6b",
            "load_balancer_arn": "arn:aws:elasticloadbalancing:us-west-2:625413607130:loadbalancer/app/my-cool-project/872fc5e8beeec799",
            "port": 80,
            "protocol": "HTTP",
            "ssl_policy": "",
            "tags": null,
            "tags_all": {},
            "timeouts": null
          },
          "sensitive_attributes": [],
          "private": "eyJlMmJmYjczMC1lY2FhLTExZTYtOGY4OC0zNDM2M2JjN2M0YzAiOnsicmVhZCI6NjAwMDAwMDAwMDAwfX0=",
          "dependencies": [
            "module.autoscaling.module.alb.aws_lb.this",
            "module.autoscaling.module.alb.aws_lb_target_group.main",
            "module.networking.data.aws_availability_zones.available",
            "module.networking.module.db_sg.aws_security_group.security_group",
            "module.networking.module.lb_sg.aws_security_group.security_group",
            "module.networking.module.vpc.aws_cloudwatch_log_group.flow_log",
            "module.networking.module.vpc.aws_customer_gateway.this",
            "module.networking.module.vpc.aws_db_subnet_group.database",
            "module.networking.module.vpc.aws_default_network_acl.this",
            "module.networking.module.vpc.aws_default_security_group.this",
            "module.networking.module.vpc.aws_default_vpc.this",
            "module.networking.module.vpc.aws_egress_only_internet_gateway.this",
            "module.networking.module.vpc.aws_eip.nat",
            "module.networking.module.vpc.aws_elasticache_subnet_group.elasticache",
            "module.networking.module.vpc.aws_flow_log.this",
            "module.networking.module.vpc.aws_iam_policy.vpc_flow_log_cloudwatch",
            "module.networking.module.vpc.aws_iam_role.vpc_flow_log_cloudwatch",
            "module.networking.module.vpc.aws_iam_role_policy_attachment.vpc_flow_log_cloudwatch",
            "module.networking.module.vpc.aws_internet_gateway.this",
            "module.networking.module.vpc.aws_nat_gateway.this",
            "module.networking.module.vpc.aws_network_acl.database",
            "module.networking.module.vpc.aws_network_acl.elasticache",
            "module.networking.module.vpc.aws_network_acl.intra",
            "module.networking.module.vpc.aws_network_acl.private",
            "module.networking.module.vpc.aws_network_acl.public",
            "module.networking.module.vpc.aws_network_acl.redshift",
            "module.networking.module.vpc.aws_network_acl_rule.database_inbound",
            "module.networking.module.vpc.aws_network_acl_rule.database_outbound",
            "module.networking.module.vpc.aws_network_acl_rule.elasticache_inbound",
            "module.networking.module.vpc.aws_network_acl_rule.elasticache_outbound",
            "module.networking.module.vpc.aws_network_acl_rule.intra_inbound",
            "module.networking.module.vpc.aws_network_acl_rule.intra_outbound",
            "module.networking.module.vpc.aws_network_acl_rule.private_inbound",
            "module.networking.module.vpc.aws_network_acl_rule.private_outbound",
            "module.networking.module.vpc.aws_network_acl_rule.public_inbound",
            "module.networking.module.vpc.aws_network_acl_rule.public_outbound",
            "module.networking.module.vpc.aws_network_acl_rule.redshift_inbound",
            "module.networking.module.vpc.aws_network_acl_rule.redshift_outbound",
            "module.networking.module.vpc.aws_redshift_subnet_group.redshift",
            "module.networking.module.vpc.aws_route.database_internet_gateway",
            "module.networking.module.vpc.aws_route.database_ipv6_egress",
            "module.networking.module.vpc.aws_route.database_nat_gateway",
            "module.networking.module.vpc.aws_route.private_ipv6_egress",
            "module.networking.module.vpc.aws_route.private_nat_gateway",
            "module.networking.module.vpc.aws_route.public_internet_gateway",
            "module.networking.module.vpc.aws_route.public_internet_gateway_ipv6",
            "module.networking.module.vpc.aws_route_table.database",
            "module.networking.module.vpc.aws_route_table.elasticache",
            "module.networking.module.vpc.aws_route_table.intra",
            "module.networking.module.vpc.aws_route_table.private",
            "module.networking.module.vpc.aws_route_table.public",
            "module.networking.module.vpc.aws_route_table.redshift",
            "module.networking.module.vpc.aws_route_table_association.database",
            "module.networking.module.vpc.aws_route_table_association.elasticache",
            "module.networking.module.vpc.aws_route_table_association.intra",
            "module.networking.module.vpc.aws_route_table_association.private",
            "module.networking.module.vpc.aws_route_table_association.public",
            "module.networking.module.vpc.aws_route_table_association.redshift",
            "module.networking.module.vpc.aws_route_table_association.redshift_public",
            "module.networking.module.vpc.aws_subnet.database",
            "module.networking.module.vpc.aws_subnet.elasticache",
            "module.networking.module.vpc.aws_subnet.intra",
            "module.networking.module.vpc.aws_subnet.private",
            "module.networking.module.vpc.aws_subnet.public",
            "module.networking.module.vpc.aws_subnet.redshift",
            "module.networking.module.vpc.aws_vpc.this",
            "module.networking.module.vpc.aws_vpc_dhcp_options.this",
            "module.networking.module.vpc.aws_vpc_dhcp_options_association.this",
            "module.networking.module.vpc.aws_vpc_endpoint.access_analyzer",
            "module.networking.module.vpc.aws_vpc_endpoint.acm_pca",
            "module.networking.module.vpc.aws_vpc_endpoint.apigw",
            "module.networking.module.vpc.aws_vpc_endpoint.appmesh_envoy_management",
            "module.networking.module.vpc.aws_vpc_endpoint.appstream_api",
            "module.networking.module.vpc.aws_vpc_endpoint.appstream_streaming",
            "module.networking.module.vpc.aws_vpc_endpoint.athena",
            "module.networking.module.vpc.aws_vpc_endpoint.auto_scaling_plans",
            "module.networking.module.vpc.aws_vpc_endpoint.cloud_directory",
            "module.networking.module.vpc.aws_vpc_endpoint.cloudformation",
            "module.networking.module.vpc.aws_vpc_endpoint.cloudtrail",
            "module.networking.module.vpc.aws_vpc_endpoint.codeartifact_api",
            "module.networking.module.vpc.aws_vpc_endpoint.codeartifact_repositories",
            "module.networking.module.vpc.aws_vpc_endpoint.codebuild",
            "module.networking.module.vpc.aws_vpc_endpoint.codecommit",
            "module.networking.module.vpc.aws_vpc_endpoint.codedeploy",
            "module.networking.module.vpc.aws_vpc_endpoint.codedeploy_commands_secure",
            "module.networking.module.vpc.aws_vpc_endpoint.codepipeline",
            "module.networking.module.vpc.aws_vpc_endpoint.config",
            "module.networking.module.vpc.aws_vpc_endpoint.datasync",
            "module.networking.module.vpc.aws_vpc_endpoint.dynamodb",
            "module.networking.module.vpc.aws_vpc_endpoint.ebs",
            "module.networking.module.vpc.aws_vpc_endpoint.ec2",
            "module.networking.module.vpc.aws_vpc_endpoint.ec2_autoscaling",
            "module.networking.module.vpc.aws_vpc_endpoint.ec2messages",
            "module.networking.module.vpc.aws_vpc_endpoint.ecr_api",
            "module.networking.module.vpc.aws_vpc_endpoint.ecr_dkr",
            "module.networking.module.vpc.aws_vpc_endpoint.ecs",
            "module.networking.module.vpc.aws_vpc_endpoint.ecs_agent",
            "module.networking.module.vpc.aws_vpc_endpoint.ecs_telemetry",
            "module.networking.module.vpc.aws_vpc_endpoint.efs",
            "module.networking.module.vpc.aws_vpc_endpoint.elastic_inference_runtime",
            "module.networking.module.vpc.aws_vpc_endpoint.elasticbeanstalk",
            "module.networking.module.vpc.aws_vpc_endpoint.elasticbeanstalk_health",
            "module.networking.module.vpc.aws_vpc_endpoint.elasticloadbalancing",
            "module.networking.module.vpc.aws_vpc_endpoint.emr",
            "module.networking.module.vpc.aws_vpc_endpoint.events",
            "module.networking.module.vpc.aws_vpc_endpoint.git_codecommit",
            "module.networking.module.vpc.aws_vpc_endpoint.glue",
            "module.networking.module.vpc.aws_vpc_endpoint.kinesis_firehose",
            "module.networking.module.vpc.aws_vpc_endpoint.kinesis_streams",
            "module.networking.module.vpc.aws_vpc_endpoint.kms",
            "module.networking.module.vpc.aws_vpc_endpoint.lambda",
            "module.networking.module.vpc.aws_vpc_endpoint.logs",
            "module.networking.module.vpc.aws_vpc_endpoint.monitoring",
            "module.networking.module.vpc.aws_vpc_endpoint.qldb_session",
            "module.networking.module.vpc.aws_vpc_endpoint.rds",
            "module.networking.module.vpc.aws_vpc_endpoint.rekognition",
            "module.networking.module.vpc.aws_vpc_endpoint.s3",
            "module.networking.module.vpc.aws_vpc_endpoint.sagemaker_api",
            "module.networking.module.vpc.aws_vpc_endpoint.sagemaker_notebook",
            "module.networking.module.vpc.aws_vpc_endpoint.sagemaker_runtime",
            "module.networking.module.vpc.aws_vpc_endpoint.secretsmanager",
            "module.networking.module.vpc.aws_vpc_endpoint.servicecatalog",
            "module.networking.module.vpc.aws_vpc_endpoint.ses",
            "module.networking.module.vpc.aws_vpc_endpoint.sms",
            "module.networking.module.vpc.aws_vpc_endpoint.sns",
            "module.networking.module.vpc.aws_vpc_endpoint.sqs",
            "module.networking.module.vpc.aws_vpc_endpoint.ssm",
            "module.networking.module.vpc.aws_vpc_endpoint.ssmmessages",
            "module.networking.module.vpc.aws_vpc_endpoint.states",
            "module.networking.module.vpc.aws_vpc_endpoint.storagegateway",
            "module.networking.module.vpc.aws_vpc_endpoint.sts",
            "module.networking.module.vpc.aws_vpc_endpoint.textract",
            "module.networking.module.vpc.aws_vpc_endpoint.transfer",
            "module.networking.module.vpc.aws_vpc_endpoint.transferserver",
            "module.networking.module.vpc.aws_vpc_endpoint.workspaces",
            "module.networking.module.vpc.aws_vpc_endpoint_route_table_association.intra_dynamodb",
            "module.networking.module.vpc.aws_vpc_endpoint_route_table_association.intra_s3",
            "module.networking.module.vpc.aws_vpc_endpoint_route_table_association.private_dynamodb",
            "module.networking.module.vpc.aws_vpc_endpoint_route_table_association.private_s3",
            "module.networking.module.vpc.aws_vpc_endpoint_route_table_association.public_dynamodb",
            "module.networking.module.vpc.aws_vpc_endpoint_route_table_association.public_s3",
            "module.networking.module.vpc.aws_vpc_ipv4_cidr_block_association.this",
            "module.networking.module.vpc.aws_vpn_gateway.this",
            "module.networking.module.vpc.aws_vpn_gateway_attachment.this",
            "module.networking.module.vpc.aws_vpn_gateway_route_propagation.intra",
            "module.networking.module.vpc.aws_vpn_gateway_route_propagation.private",
            "module.networking.module.vpc.aws_vpn_gateway_route_propagation.public",
            "module.networking.module.vpc.data.aws_iam_policy_document.flow_log_cloudwatch_assume_role",
            "module.networking.module.vpc.data.aws_iam_policy_document.vpc_flow_log_cloudwatch",
            "module.networking.module.vpc.data.aws_vpc_endpoint_service.access_analyzer",
            "module.networking.module.vpc.data.aws_vpc_endpoint_service.acm_pca",
            "module.networking.module.vpc.data.aws_vpc_endpoint_service.apigw",
            "module.networking.module.vpc.data.aws_vpc_endpoint_service.appmesh_envoy_management",
            "module.networking.module.vpc.data.aws_vpc_endpoint_service.appstream_api",
            "module.networking.module.vpc.data.aws_vpc_endpoint_service.appstream_streaming",
            "module.networking.module.vpc.data.aws_vpc_endpoint_service.athena",
            "module.networking.module.vpc.data.aws_vpc_endpoint_service.auto_scaling_plans",
            "module.networking.module.vpc.data.aws_vpc_endpoint_service.cloud_directory",
            "module.networking.module.vpc.data.aws_vpc_endpoint_service.cloudformation",
            "module.networking.module.vpc.data.aws_vpc_endpoint_service.cloudtrail",
            "module.networking.module.vpc.data.aws_vpc_endpoint_service.codeartifact_api",
            "module.networking.module.vpc.data.aws_vpc_endpoint_service.codeartifact_repositories",
            "module.networking.module.vpc.data.aws_vpc_endpoint_service.codebuild",
            "module.networking.module.vpc.data.aws_vpc_endpoint_service.codecommit",
            "module.networking.module.vpc.data.aws_vpc_endpoint_service.codedeploy",
            "module.networking.module.vpc.data.aws_vpc_endpoint_service.codedeploy_commands_secure",
            "module.networking.module.vpc.data.aws_vpc_endpoint_service.codepipeline",
            "module.networking.module.vpc.data.aws_vpc_endpoint_service.config",
            "module.networking.module.vpc.data.aws_vpc_endpoint_service.datasync",
            "module.networking.module.vpc.data.aws_vpc_endpoint_service.dynamodb",
            "module.networking.module.vpc.data.aws_vpc_endpoint_service.ebs",
            "module.networking.module.vpc.data.aws_vpc_endpoint_service.ec2",
            "module.networking.module.vpc.data.aws_vpc_endpoint_service.ec2_autoscaling",
            "module.networking.module.vpc.data.aws_vpc_endpoint_service.ec2messages",
            "module.networking.module.vpc.data.aws_vpc_endpoint_service.ecr_api",
            "module.networking.module.vpc.data.aws_vpc_endpoint_service.ecr_dkr",
            "module.networking.module.vpc.data.aws_vpc_endpoint_service.ecs",
            "module.networking.module.vpc.data.aws_vpc_endpoint_service.ecs_agent",
            "module.networking.module.vpc.data.aws_vpc_endpoint_service.ecs_telemetry",
            "module.networking.module.vpc.data.aws_vpc_endpoint_service.efs",
            "module.networking.module.vpc.data.aws_vpc_endpoint_service.elastic_inference_runtime",
            "module.networking.module.vpc.data.aws_vpc_endpoint_service.elasticbeanstalk",
            "module.networking.module.vpc.data.aws_vpc_endpoint_service.elasticbeanstalk_health",
            "module.networking.module.vpc.data.aws_vpc_endpoint_service.elasticloadbalancing",
            "module.networking.module.vpc.data.aws_vpc_endpoint_service.emr",
            "module.networking.module.vpc.data.aws_vpc_endpoint_service.events",
            "module.networking.module.vpc.data.aws_vpc_endpoint_service.git_codecommit",
            "module.networking.module.vpc.data.aws_vpc_endpoint_service.glue",
            "module.networking.module.vpc.data.aws_vpc_endpoint_service.kinesis_firehose",
            "module.networking.module.vpc.data.aws_vpc_endpoint_service.kinesis_streams",
            "module.networking.module.vpc.data.aws_vpc_endpoint_service.kms",
            "module.networking.module.vpc.data.aws_vpc_endpoint_service.lambda",
            "module.networking.module.vpc.data.aws_vpc_endpoint_service.logs",
            "module.networking.module.vpc.data.aws_vpc_endpoint_service.monitoring",
            "module.networking.module.vpc.data.aws_vpc_endpoint_service.qldb_session",
            "module.networking.module.vpc.data.aws_vpc_endpoint_service.rds",
            "module.networking.module.vpc.data.aws_vpc_endpoint_service.rekognition",
            "module.networking.module.vpc.data.aws_vpc_endpoint_service.s3",
            "module.networking.module.vpc.data.aws_vpc_endpoint_service.sagemaker_api",
            "module.networking.module.vpc.data.aws_vpc_endpoint_service.sagemaker_notebook",
            "module.networking.module.vpc.data.aws_vpc_endpoint_service.sagemaker_runtime",
            "module.networking.module.vpc.data.aws_vpc_endpoint_service.secretsmanager",
            "module.networking.module.vpc.data.aws_vpc_endpoint_service.servicecatalog",
            "module.networking.module.vpc.data.aws_vpc_endpoint_service.ses",
            "module.networking.module.vpc.data.aws_vpc_endpoint_service.sms",
            "module.networking.module.vpc.data.aws_vpc_endpoint_service.sns",
            "module.networking.module.vpc.data.aws_vpc_endpoint_service.sqs",
            "module.networking.module.vpc.data.aws_vpc_endpoint_service.ssm",
            "module.networking.module.vpc.data.aws_vpc_endpoint_service.ssmmessages",
            "module.networking.module.vpc.data.aws_vpc_endpoint_service.states",
            "module.networking.module.vpc.data.aws_vpc_endpoint_service.storagegateway",
            "module.networking.module.vpc.data.aws_vpc_endpoint_service.sts",
            "module.networking.module.vpc.data.aws_vpc_endpoint_service.textract",
            "module.networking.module.vpc.data.aws_vpc_endpoint_service.transfer",
            "module.networking.module.vpc.data.aws_vpc_endpoint_service.transferserver",
            "module.networking.module.vpc.data.aws_vpc_endpoint_service.workspaces",
            "module.networking.module.websvr_sg.aws_security_group.security_group"
          ]
        }
      ]
    },
    {
      "module": "module.autoscaling.module.alb",
      "mode": "managed",
      "type": "aws_lb_target_group",
      "name": "main",
      "provider": "provider[\"registry.terraform.io/hashicorp/aws\"]",
      "instances": [
        {
          "index_key": 0,
          "schema_version": 0,
          "attributes": {
            "arn": "arn:aws:elasticloadbalancing:us-west-2:625413607130:targetgroup/websvr20220416043202100100000007/c49a2bac87c10a87",
            "arn_suffix": "targetgroup/websvr20220416043202100100000007/c49a2bac87c10a87",
            "connection_termination": false,
            "deregistration_delay": "300",
            "health_check": [
              {
                "enabled": true,
                "healthy_threshold": 5,
                "interval": 30,
                "matcher": "200",
                "path": "/",
                "port": "traffic-port",
                "protocol": "HTTP",
                "timeout": 5,
                "unhealthy_threshold": 2
              }
            ],
            "id": "arn:aws:elasticloadbalancing:us-west-2:625413607130:targetgroup/websvr20220416043202100100000007/c49a2bac87c10a87",
            "lambda_multi_value_headers_enabled": false,
            "load_balancing_algorithm_type": "round_robin",
            "name": "websvr20220416043202100100000007",
            "name_prefix": "websvr",
            "port": 8080,
            "preserve_client_ip": null,
            "protocol": "HTTP",
            "protocol_version": "HTTP1",
            "proxy_protocol_v2": false,
            "slow_start": 0,
            "stickiness": [
              {
                "cookie_duration": 86400,
                "cookie_name": "",
                "enabled": false,
                "type": "lb_cookie"
              }
            ],
            "tags": {
              "Name": "websvr"
            },
            "tags_all": {
              "Name": "websvr"
            },
            "target_type": "instance",
            "vpc_id": "vpc-0157b9753c2b0ea0d"
          },
          "sensitive_attributes": [],
          "private": "bnVsbA==",
          "dependencies": [
            "module.autoscaling.module.alb.aws_lb.this",
            "module.networking.data.aws_availability_zones.available",
            "module.networking.module.db_sg.aws_security_group.security_group",
            "module.networking.module.lb_sg.aws_security_group.security_group",
            "module.networking.module.vpc.aws_cloudwatch_log_group.flow_log",
            "module.networking.module.vpc.aws_customer_gateway.this",
            "module.networking.module.vpc.aws_db_subnet_group.database",
            "module.networking.module.vpc.aws_default_network_acl.this",
            "module.networking.module.vpc.aws_default_security_group.this",
            "module.networking.module.vpc.aws_default_vpc.this",
            "module.networking.module.vpc.aws_egress_only_internet_gateway.this",
            "module.networking.module.vpc.aws_eip.nat",
            "module.networking.module.vpc.aws_elasticache_subnet_group.elasticache",
            "module.networking.module.vpc.aws_flow_log.this",
            "module.networking.module.vpc.aws_iam_policy.vpc_flow_log_cloudwatch",
            "module.networking.module.vpc.aws_iam_role.vpc_flow_log_cloudwatch",
            "module.networking.module.vpc.aws_iam_role_policy_attachment.vpc_flow_log_cloudwatch",
            "module.networking.module.vpc.aws_internet_gateway.this",
            "module.networking.module.vpc.aws_nat_gateway.this",
            "module.networking.module.vpc.aws_network_acl.database",
            "module.networking.module.vpc.aws_network_acl.elasticache",
            "module.networking.module.vpc.aws_network_acl.intra",
            "module.networking.module.vpc.aws_network_acl.private",
            "module.networking.module.vpc.aws_network_acl.public",
            "module.networking.module.vpc.aws_network_acl.redshift",
            "module.networking.module.vpc.aws_network_acl_rule.database_inbound",
            "module.networking.module.vpc.aws_network_acl_rule.database_outbound",
            "module.networking.module.vpc.aws_network_acl_rule.elasticache_inbound",
            "module.networking.module.vpc.aws_network_acl_rule.elasticache_outbound",
            "module.networking.module.vpc.aws_network_acl_rule.intra_inbound",
            "module.networking.module.vpc.aws_network_acl_rule.intra_outbound",
            "module.networking.module.vpc.aws_network_acl_rule.private_inbound",
            "module.networking.module.vpc.aws_network_acl_rule.private_outbound",
            "module.networking.module.vpc.aws_network_acl_rule.public_inbound",
            "module.networking.module.vpc.aws_network_acl_rule.public_outbound",
            "module.networking.module.vpc.aws_network_acl_rule.redshift_inbound",
            "module.networking.module.vpc.aws_network_acl_rule.redshift_outbound",
            "module.networking.module.vpc.aws_redshift_subnet_group.redshift",
            "module.networking.module.vpc.aws_route.database_internet_gateway",
            "module.networking.module.vpc.aws_route.database_ipv6_egress",
            "module.networking.module.vpc.aws_route.database_nat_gateway",
            "module.networking.module.vpc.aws_route.private_ipv6_egress",
            "module.networking.module.vpc.aws_route.private_nat_gateway",
            "module.networking.module.vpc.aws_route.public_internet_gateway",
            "module.networking.module.vpc.aws_route.public_internet_gateway_ipv6",
            "module.networking.module.vpc.aws_route_table.database",
            "module.networking.module.vpc.aws_route_table.elasticache",
            "module.networking.module.vpc.aws_route_table.intra",
            "module.networking.module.vpc.aws_route_table.private",
            "module.networking.module.vpc.aws_route_table.public",
            "module.networking.module.vpc.aws_route_table.redshift",
            "module.networking.module.vpc.aws_route_table_association.database",
            "module.networking.module.vpc.aws_route_table_association.elasticache",
            "module.networking.module.vpc.aws_route_table_association.intra",
            "module.networking.module.vpc.aws_route_table_association.private",
            "module.networking.module.vpc.aws_route_table_association.public",
            "module.networking.module.vpc.aws_route_table_association.redshift",
            "module.networking.module.vpc.aws_route_table_association.redshift_public",
            "module.networking.module.vpc.aws_subnet.database",
            "module.networking.module.vpc.aws_subnet.elasticache",
            "module.networking.module.vpc.aws_subnet.intra",
            "module.networking.module.vpc.aws_subnet.private",
            "module.networking.module.vpc.aws_subnet.public",
            "module.networking.module.vpc.aws_subnet.redshift",
            "module.networking.module.vpc.aws_vpc.this",
            "module.networking.module.vpc.aws_vpc_dhcp_options.this",
            "module.networking.module.vpc.aws_vpc_dhcp_options_association.this",
            "module.networking.module.vpc.aws_vpc_endpoint.access_analyzer",
            "module.networking.module.vpc.aws_vpc_endpoint.acm_pca",
            "module.networking.module.vpc.aws_vpc_endpoint.apigw",
            "module.networking.module.vpc.aws_vpc_endpoint.appmesh_envoy_management",
            "module.networking.module.vpc.aws_vpc_endpoint.appstream_api",
            "module.networking.module.vpc.aws_vpc_endpoint.appstream_streaming",
            "module.networking.module.vpc.aws_vpc_endpoint.athena",
            "module.networking.module.vpc.aws_vpc_endpoint.auto_scaling_plans",
            "module.networking.module.vpc.aws_vpc_endpoint.cloud_directory",
            "module.networking.module.vpc.aws_vpc_endpoint.cloudformation",
            "module.networking.module.vpc.aws_vpc_endpoint.cloudtrail",
            "module.networking.module.vpc.aws_vpc_endpoint.codeartifact_api",
            "module.networking.module.vpc.aws_vpc_endpoint.codeartifact_repositories",
            "module.networking.module.vpc.aws_vpc_endpoint.codebuild",
            "module.networking.module.vpc.aws_vpc_endpoint.codecommit",
            "module.networking.module.vpc.aws_vpc_endpoint.codedeploy",
            "module.networking.module.vpc.aws_vpc_endpoint.codedeploy_commands_secure",
            "module.networking.module.vpc.aws_vpc_endpoint.codepipeline",
            "module.networking.module.vpc.aws_vpc_endpoint.config",
            "module.networking.module.vpc.aws_vpc_endpoint.datasync",
            "module.networking.module.vpc.aws_vpc_endpoint.dynamodb",
            "module.networking.module.vpc.aws_vpc_endpoint.ebs",
            "module.networking.module.vpc.aws_vpc_endpoint.ec2",
            "module.networking.module.vpc.aws_vpc_endpoint.ec2_autoscaling",
            "module.networking.module.vpc.aws_vpc_endpoint.ec2messages",
            "module.networking.module.vpc.aws_vpc_endpoint.ecr_api",
            "module.networking.module.vpc.aws_vpc_endpoint.ecr_dkr",
            "module.networking.module.vpc.aws_vpc_endpoint.ecs",
            "module.networking.module.vpc.aws_vpc_endpoint.ecs_agent",
            "module.networking.module.vpc.aws_vpc_endpoint.ecs_telemetry",
            "module.networking.module.vpc.aws_vpc_endpoint.efs",
            "module.networking.module.vpc.aws_vpc_endpoint.elastic_inference_runtime",
            "module.networking.module.vpc.aws_vpc_endpoint.elasticbeanstalk",
            "module.networking.module.vpc.aws_vpc_endpoint.elasticbeanstalk_health",
            "module.networking.module.vpc.aws_vpc_endpoint.elasticloadbalancing",
            "module.networking.module.vpc.aws_vpc_endpoint.emr",
            "module.networking.module.vpc.aws_vpc_endpoint.events",
            "module.networking.module.vpc.aws_vpc_endpoint.git_codecommit",
            "module.networking.module.vpc.aws_vpc_endpoint.glue",
            "module.networking.module.vpc.aws_vpc_endpoint.kinesis_firehose",
            "module.networking.module.vpc.aws_vpc_endpoint.kinesis_streams",
            "module.networking.module.vpc.aws_vpc_endpoint.kms",
            "module.networking.module.vpc.aws_vpc_endpoint.lambda",
            "module.networking.module.vpc.aws_vpc_endpoint.logs",
            "module.networking.module.vpc.aws_vpc_endpoint.monitoring",
            "module.networking.module.vpc.aws_vpc_endpoint.qldb_session",
            "module.networking.module.vpc.aws_vpc_endpoint.rds",
            "module.networking.module.vpc.aws_vpc_endpoint.rekognition",
            "module.networking.module.vpc.aws_vpc_endpoint.s3",
            "module.networking.module.vpc.aws_vpc_endpoint.sagemaker_api",
            "module.networking.module.vpc.aws_vpc_endpoint.sagemaker_notebook",
            "module.networking.module.vpc.aws_vpc_endpoint.sagemaker_runtime",
            "module.networking.module.vpc.aws_vpc_endpoint.secretsmanager",
            "module.networking.module.vpc.aws_vpc_endpoint.servicecatalog",
            "module.networking.module.vpc.aws_vpc_endpoint.ses",
            "module.networking.module.vpc.aws_vpc_endpoint.sms",
            "module.networking.module.vpc.aws_vpc_endpoint.sns",
            "module.networking.module.vpc.aws_vpc_endpoint.sqs",
            "module.networking.module.vpc.aws_vpc_endpoint.ssm",
            "module.networking.module.vpc.aws_vpc_endpoint.ssmmessages",
            "module.networking.module.vpc.aws_vpc_endpoint.states",
            "module.networking.module.vpc.aws_vpc_endpoint.storagegateway",
            "module.networking.module.vpc.aws_vpc_endpoint.sts",
            "module.networking.module.vpc.aws_vpc_endpoint.textract",
            "module.networking.module.vpc.aws_vpc_endpoint.transfer",
            "module.networking.module.vpc.aws_vpc_endpoint.transferserver",
            "module.networking.module.vpc.aws_vpc_endpoint.workspaces",
            "module.networking.module.vpc.aws_vpc_endpoint_route_table_association.intra_dynamodb",
            "module.networking.module.vpc.aws_vpc_endpoint_route_table_association.intra_s3",
            "module.networking.module.vpc.aws_vpc_endpoint_route_table_association.private_dynamodb",
            "module.networking.module.vpc.aws_vpc_endpoint_route_table_association.private_s3",
            "module.networking.module.vpc.aws_vpc_endpoint_route_table_association.public_dynamodb",
            "module.networking.module.vpc.aws_vpc_endpoint_route_table_association.public_s3",
            "module.networking.module.vpc.aws_vpc_ipv4_cidr_block_association.this",
            "module.networking.module.vpc.aws_vpn_gateway.this",
            "module.networking.module.vpc.aws_vpn_gateway_attachment.this",
            "module.networking.module.vpc.aws_vpn_gateway_route_propagation.intra",
            "module.networking.module.vpc.aws_vpn_gateway_route_propagation.private",
            "module.networking.module.vpc.aws_vpn_gateway_route_propagation.public",
            "module.networking.module.vpc.data.aws_iam_policy_document.flow_log_cloudwatch_assume_role",
            "module.networking.module.vpc.data.aws_iam_policy_document.vpc_flow_log_cloudwatch",
            "module.networking.module.vpc.data.aws_vpc_endpoint_service.access_analyzer",
            "module.networking.module.vpc.data.aws_vpc_endpoint_service.acm_pca",
            "module.networking.module.vpc.data.aws_vpc_endpoint_service.apigw",
            "module.networking.module.vpc.data.aws_vpc_endpoint_service.appmesh_envoy_management",
            "module.networking.module.vpc.data.aws_vpc_endpoint_service.appstream_api",
            "module.networking.module.vpc.data.aws_vpc_endpoint_service.appstream_streaming",
            "module.networking.module.vpc.data.aws_vpc_endpoint_service.athena",
            "module.networking.module.vpc.data.aws_vpc_endpoint_service.auto_scaling_plans",
            "module.networking.module.vpc.data.aws_vpc_endpoint_service.cloud_directory",
            "module.networking.module.vpc.data.aws_vpc_endpoint_service.cloudformation",
            "module.networking.module.vpc.data.aws_vpc_endpoint_service.cloudtrail",
            "module.networking.module.vpc.data.aws_vpc_endpoint_service.codeartifact_api",
            "module.networking.module.vpc.data.aws_vpc_endpoint_service.codeartifact_repositories",
            "module.networking.module.vpc.data.aws_vpc_endpoint_service.codebuild",
            "module.networking.module.vpc.data.aws_vpc_endpoint_service.codecommit",
            "module.networking.module.vpc.data.aws_vpc_endpoint_service.codedeploy",
            "module.networking.module.vpc.data.aws_vpc_endpoint_service.codedeploy_commands_secure",
            "module.networking.module.vpc.data.aws_vpc_endpoint_service.codepipeline",
            "module.networking.module.vpc.data.aws_vpc_endpoint_service.config",
            "module.networking.module.vpc.data.aws_vpc_endpoint_service.datasync",
            "module.networking.module.vpc.data.aws_vpc_endpoint_service.dynamodb",
            "module.networking.module.vpc.data.aws_vpc_endpoint_service.ebs",
            "module.networking.module.vpc.data.aws_vpc_endpoint_service.ec2",
            "module.networking.module.vpc.data.aws_vpc_endpoint_service.ec2_autoscaling",
            "module.networking.module.vpc.data.aws_vpc_endpoint_service.ec2messages",
            "module.networking.module.vpc.data.aws_vpc_endpoint_service.ecr_api",
            "module.networking.module.vpc.data.aws_vpc_endpoint_service.ecr_dkr",
            "module.networking.module.vpc.data.aws_vpc_endpoint_service.ecs",
            "module.networking.module.vpc.data.aws_vpc_endpoint_service.ecs_agent",
            "module.networking.module.vpc.data.aws_vpc_endpoint_service.ecs_telemetry",
            "module.networking.module.vpc.data.aws_vpc_endpoint_service.efs",
            "module.networking.module.vpc.data.aws_vpc_endpoint_service.elastic_inference_runtime",
            "module.networking.module.vpc.data.aws_vpc_endpoint_service.elasticbeanstalk",
            "module.networking.module.vpc.data.aws_vpc_endpoint_service.elasticbeanstalk_health",
            "module.networking.module.vpc.data.aws_vpc_endpoint_service.elasticloadbalancing",
            "module.networking.module.vpc.data.aws_vpc_endpoint_service.emr",
            "module.networking.module.vpc.data.aws_vpc_endpoint_service.events",
            "module.networking.module.vpc.data.aws_vpc_endpoint_service.git_codecommit",
            "module.networking.module.vpc.data.aws_vpc_endpoint_service.glue",
            "module.networking.module.vpc.data.aws_vpc_endpoint_service.kinesis_firehose",
            "module.networking.module.vpc.data.aws_vpc_endpoint_service.kinesis_streams",
            "module.networking.module.vpc.data.aws_vpc_endpoint_service.kms",
            "module.networking.module.vpc.data.aws_vpc_endpoint_service.lambda",
            "module.networking.module.vpc.data.aws_vpc_endpoint_service.logs",
            "module.networking.module.vpc.data.aws_vpc_endpoint_service.monitoring",
            "module.networking.module.vpc.data.aws_vpc_endpoint_service.qldb_session",
            "module.networking.module.vpc.data.aws_vpc_endpoint_service.rds",
            "module.networking.module.vpc.data.aws_vpc_endpoint_service.rekognition",
            "module.networking.module.vpc.data.aws_vpc_endpoint_service.s3",
            "module.networking.module.vpc.data.aws_vpc_endpoint_service.sagemaker_api",
            "module.networking.module.vpc.data.aws_vpc_endpoint_service.sagemaker_notebook",
            "module.networking.module.vpc.data.aws_vpc_endpoint_service.sagemaker_runtime",
            "module.networking.module.vpc.data.aws_vpc_endpoint_service.secretsmanager",
            "module.networking.module.vpc.data.aws_vpc_endpoint_service.servicecatalog",
            "module.networking.module.vpc.data.aws_vpc_endpoint_service.ses",
            "module.networking.module.vpc.data.aws_vpc_endpoint_service.sms",
            "module.networking.module.vpc.data.aws_vpc_endpoint_service.sns",
            "module.networking.module.vpc.data.aws_vpc_endpoint_service.sqs",
            "module.networking.module.vpc.data.aws_vpc_endpoint_service.ssm",
            "module.networking.module.vpc.data.aws_vpc_endpoint_service.ssmmessages",
            "module.networking.module.vpc.data.aws_vpc_endpoint_service.states",
            "module.networking.module.vpc.data.aws_vpc_endpoint_service.storagegateway",
            "module.networking.module.vpc.data.aws_vpc_endpoint_service.sts",
            "module.networking.module.vpc.data.aws_vpc_endpoint_service.textract",
            "module.networking.module.vpc.data.aws_vpc_endpoint_service.transfer",
            "module.networking.module.vpc.data.aws_vpc_endpoint_service.transferserver",
            "module.networking.module.vpc.data.aws_vpc_endpoint_service.workspaces",
            "module.networking.module.websvr_sg.aws_security_group.security_group"
          ],
          "create_before_destroy": true
        }
      ]
    },
    {
      "module": "module.autoscaling.module.iam_instance_profile",
      "mode": "data",
      "type": "aws_iam_policy_document",
      "name": "iam_policy_document",
      "provider": "provider[\"registry.terraform.io/hashicorp/aws\"]",
      "instances": [
        {
          "schema_version": 0,
          "attributes": {
            "id": "2717263653",
            "json": "{\n  \"Version\": \"2012-10-17\",\n  \"Statement\": [\n    {\n      \"Sid\": \"\",\n      \"Effect\": \"Allow\",\n      \"Action\": [\n        \"rds:*\",\n        \"logs:*\"\n      ],\n      \"Resource\": \"*\"\n    }\n  ]\n}",
            "override_json": null,
            "override_policy_documents": null,
            "policy_id": null,
            "source_json": null,
            "source_policy_documents": null,
            "statement": [
              {
                "actions": [
                  "logs:*",
                  "rds:*"
                ],
                "condition": [],
                "effect": "Allow",
                "not_actions": [],
                "not_principals": [],
                "not_resources": [],
                "principals": [],
                "resources": [
                  "*"
                ],
                "sid": ""
              }
            ],
            "version": "2012-10-17"
          },
          "sensitive_attributes": []
        }
      ]
    },
    {
      "module": "module.autoscaling.module.iam_instance_profile",
      "mode": "managed",
      "type": "aws_iam_instance_profile",
      "name": "iam_instance_profile",
      "provider": "provider[\"registry.terraform.io/hashicorp/aws\"]",
      "instances": [
        {
          "schema_version": 0,
          "attributes": {
            "arn": "arn:aws:iam::625413607130:instance-profile/terraform-20220416042637962000000002",
            "create_date": "2022-04-16T04:26:38Z",
            "id": "terraform-20220416042637962000000002",
            "name": "terraform-20220416042637962000000002",
            "name_prefix": null,
            "path": "/",
            "role": "terraform-20220416042634466200000001",
            "tags": null,
            "tags_all": {},
            "unique_id": "AIPAZDHMOJ3NLOAR5P7WT"
          },
          "sensitive_attributes": [],
          "private": "bnVsbA==",
          "dependencies": [
            "module.autoscaling.module.iam_instance_profile.aws_iam_role.iam_role"
          ]
        }
      ]
    },
    {
      "module": "module.autoscaling.module.iam_instance_profile",
      "mode": "managed",
      "type": "aws_iam_role",
      "name": "iam_role",
      "provider": "provider[\"registry.terraform.io/hashicorp/aws\"]",
      "instances": [
        {
          "schema_version": 0,
          "attributes": {
            "arn": "arn:aws:iam::625413607130:role/terraform-20220416042634466200000001",
            "assume_role_policy": "{\"Version\":\"2012-10-17\",\"Statement\":[{\"Effect\":\"Allow\",\"Principal\":{\"Service\":\"ec2.amazonaws.com\"},\"Action\":\"sts:AssumeRole\"}]}",
            "create_date": "2022-04-16T04:26:35Z",
            "description": "",
            "force_detach_policies": false,
            "id": "terraform-20220416042634466200000001",
            "inline_policy": [
              {
                "name": "",
                "policy": ""
              }
            ],
            "managed_policy_arns": [],
            "max_session_duration": 3600,
            "name": "terraform-20220416042634466200000001",
            "name_prefix": "terraform-",
            "path": "/",
            "permissions_boundary": null,
            "tags": null,
            "tags_all": {},
            "unique_id": "AROAZDHMOJ3NLGV4YJBRS"
          },
          "sensitive_attributes": [],
          "private": "bnVsbA=="
        }
      ]
    },
    {
      "module": "module.autoscaling.module.iam_instance_profile",
      "mode": "managed",
      "type": "aws_iam_role_policy",
      "name": "iam_role_policy",
      "provider": "provider[\"registry.terraform.io/hashicorp/aws\"]",
      "instances": [
        {
          "schema_version": 0,
          "attributes": {
            "id": "terraform-20220416042634466200000001:terraform-20220416042637962900000003",
            "name": "terraform-20220416042637962900000003",
            "name_prefix": null,
            "policy": "{\n  \"Version\": \"2012-10-17\",\n  \"Statement\": [\n    {\n      \"Sid\": \"\",\n      \"Effect\": \"Allow\",\n      \"Action\": [\n        \"rds:*\",\n        \"logs:*\"\n      ],\n      \"Resource\": \"*\"\n    }\n  ]\n}",
            "role": "terraform-20220416042634466200000001"
          },
          "sensitive_attributes": [],
          "private": "bnVsbA==",
          "dependencies": [
            "module.autoscaling.module.iam_instance_profile.aws_iam_role.iam_role",
            "module.autoscaling.module.iam_instance_profile.data.aws_iam_policy_document.iam_policy_document"
          ]
        }
      ]
    },
    {
      "module": "module.database",
      "mode": "managed",
      "type": "aws_db_instance",
      "name": "database",
      "provider": "provider[\"registry.terraform.io/hashicorp/aws\"]",
      "instances": [
        {
          "schema_version": 1,
          "attributes": {
            "address": "my-cool-project-db-instance.chuuy9kdc6vn.us-west-2.rds.amazonaws.com",
            "allocated_storage": 10,
            "allow_major_version_upgrade": null,
            "apply_immediately": null,
            "arn": "arn:aws:rds:us-west-2:625413607130:db:my-cool-project-db-instance",
            "auto_minor_version_upgrade": true,
            "availability_zone": "us-west-2b",
            "backup_retention_period": 0,
            "backup_window": "11:34-12:04",
            "ca_cert_identifier": "rds-ca-2019",
            "character_set_name": "",
            "copy_tags_to_snapshot": false,
            "customer_owned_ip_enabled": false,
            "db_subnet_group_name": "my-cool-project-vpc",
            "delete_automated_backups": true,
            "deletion_protection": false,
            "domain": "",
            "domain_iam_role_name": "",
            "enabled_cloudwatch_logs_exports": null,
            "endpoint": "my-cool-project-db-instance.chuuy9kdc6vn.us-west-2.rds.amazonaws.com:3306",
            "engine": "mysql",
            "engine_version": "8.0",
            "engine_version_actual": "8.0.28",
            "final_snapshot_identifier": null,
            "hosted_zone_id": "Z1PVIF0B656C1W",
            "iam_database_authentication_enabled": false,
            "id": "my-cool-project-db-instance",
            "identifier": "my-cool-project-db-instance",
            "identifier_prefix": null,
            "instance_class": "db.t2.micro",
            "iops": 0,
            "kms_key_id": "",
            "latest_restorable_time": "0001-01-01T00:00:00Z",
            "license_model": "general-public-license",
            "maintenance_window": "sun:07:44-sun:08:14",
            "max_allocated_storage": 0,
            "monitoring_interval": 0,
            "monitoring_role_arn": "",
            "multi_az": false,
            "name": "pets",
            "nchar_character_set_name": "",
            "option_group_name": "default:mysql-8-0",
            "parameter_group_name": "default.mysql8.0",
            "password": "vWnxJoDEcIT0n_gL",
            "performance_insights_enabled": false,
            "performance_insights_kms_key_id": "",
            "performance_insights_retention_period": 0,
            "port": 3306,
            "publicly_accessible": false,
            "replica_mode": "",
            "replicas": [],
            "replicate_source_db": "",
            "resource_id": "db-P5CRM2HZVRNRDTGFNBJ64L36ME",
            "restore_to_point_in_time": [],
            "s3_import": [],
            "security_group_names": null,
            "skip_final_snapshot": true,
            "snapshot_identifier": null,
            "status": "available",
            "storage_encrypted": false,
            "storage_type": "gp2",
            "tags": null,
            "tags_all": {},
            "timeouts": null,
            "timezone": "",
            "username": "admin",
            "vpc_security_group_ids": [
              "sg-07ce220ad679c4951"
            ]
          },
          "sensitive_attributes": [
            [
              {
                "type": "get_attr",
                "value": "password"
              }
            ]
          ],
          "private": "eyJlMmJmYjczMC1lY2FhLTExZTYtOGY4OC0zNDM2M2JjN2M0YzAiOnsiY3JlYXRlIjoyNDAwMDAwMDAwMDAwLCJkZWxldGUiOjM2MDAwMDAwMDAwMDAsInVwZGF0ZSI6NDgwMDAwMDAwMDAwMH0sInNjaGVtYV92ZXJzaW9uIjoiMSJ9",
          "dependencies": [
            "module.database.random_password.password",
            "module.networking.data.aws_availability_zones.available",
            "module.networking.module.db_sg.aws_security_group.security_group",
            "module.networking.module.lb_sg.aws_security_group.security_group",
            "module.networking.module.vpc.aws_cloudwatch_log_group.flow_log",
            "module.networking.module.vpc.aws_customer_gateway.this",
            "module.networking.module.vpc.aws_db_subnet_group.database",
            "module.networking.module.vpc.aws_default_network_acl.this",
            "module.networking.module.vpc.aws_default_security_group.this",
            "module.networking.module.vpc.aws_default_vpc.this",
            "module.networking.module.vpc.aws_egress_only_internet_gateway.this",
            "module.networking.module.vpc.aws_eip.nat",
            "module.networking.module.vpc.aws_elasticache_subnet_group.elasticache",
            "module.networking.module.vpc.aws_flow_log.this",
            "module.networking.module.vpc.aws_iam_policy.vpc_flow_log_cloudwatch",
            "module.networking.module.vpc.aws_iam_role.vpc_flow_log_cloudwatch",
            "module.networking.module.vpc.aws_iam_role_policy_attachment.vpc_flow_log_cloudwatch",
            "module.networking.module.vpc.aws_internet_gateway.this",
            "module.networking.module.vpc.aws_nat_gateway.this",
            "module.networking.module.vpc.aws_network_acl.database",
            "module.networking.module.vpc.aws_network_acl.elasticache",
            "module.networking.module.vpc.aws_network_acl.intra",
            "module.networking.module.vpc.aws_network_acl.private",
            "module.networking.module.vpc.aws_network_acl.public",
            "module.networking.module.vpc.aws_network_acl.redshift",
            "module.networking.module.vpc.aws_network_acl_rule.database_inbound",
            "module.networking.module.vpc.aws_network_acl_rule.database_outbound",
            "module.networking.module.vpc.aws_network_acl_rule.elasticache_inbound",
            "module.networking.module.vpc.aws_network_acl_rule.elasticache_outbound",
            "module.networking.module.vpc.aws_network_acl_rule.intra_inbound",
            "module.networking.module.vpc.aws_network_acl_rule.intra_outbound",
            "module.networking.module.vpc.aws_network_acl_rule.private_inbound",
            "module.networking.module.vpc.aws_network_acl_rule.private_outbound",
            "module.networking.module.vpc.aws_network_acl_rule.public_inbound",
            "module.networking.module.vpc.aws_network_acl_rule.public_outbound",
            "module.networking.module.vpc.aws_network_acl_rule.redshift_inbound",
            "module.networking.module.vpc.aws_network_acl_rule.redshift_outbound",
            "module.networking.module.vpc.aws_redshift_subnet_group.redshift",
            "module.networking.module.vpc.aws_route.database_internet_gateway",
            "module.networking.module.vpc.aws_route.database_ipv6_egress",
            "module.networking.module.vpc.aws_route.database_nat_gateway",
            "module.networking.module.vpc.aws_route.private_ipv6_egress",
            "module.networking.module.vpc.aws_route.private_nat_gateway",
            "module.networking.module.vpc.aws_route.public_internet_gateway",
            "module.networking.module.vpc.aws_route.public_internet_gateway_ipv6",
            "module.networking.module.vpc.aws_route_table.database",
            "module.networking.module.vpc.aws_route_table.elasticache",
            "module.networking.module.vpc.aws_route_table.intra",
            "module.networking.module.vpc.aws_route_table.private",
            "module.networking.module.vpc.aws_route_table.public",
            "module.networking.module.vpc.aws_route_table.redshift",
            "module.networking.module.vpc.aws_route_table_association.database",
            "module.networking.module.vpc.aws_route_table_association.elasticache",
            "module.networking.module.vpc.aws_route_table_association.intra",
            "module.networking.module.vpc.aws_route_table_association.private",
            "module.networking.module.vpc.aws_route_table_association.public",
            "module.networking.module.vpc.aws_route_table_association.redshift",
            "module.networking.module.vpc.aws_route_table_association.redshift_public",
            "module.networking.module.vpc.aws_subnet.database",
            "module.networking.module.vpc.aws_subnet.elasticache",
            "module.networking.module.vpc.aws_subnet.intra",
            "module.networking.module.vpc.aws_subnet.private",
            "module.networking.module.vpc.aws_subnet.public",
            "module.networking.module.vpc.aws_subnet.redshift",
            "module.networking.module.vpc.aws_vpc.this",
            "module.networking.module.vpc.aws_vpc_dhcp_options.this",
            "module.networking.module.vpc.aws_vpc_dhcp_options_association.this",
            "module.networking.module.vpc.aws_vpc_endpoint.access_analyzer",
            "module.networking.module.vpc.aws_vpc_endpoint.acm_pca",
            "module.networking.module.vpc.aws_vpc_endpoint.apigw",
            "module.networking.module.vpc.aws_vpc_endpoint.appmesh_envoy_management",
            "module.networking.module.vpc.aws_vpc_endpoint.appstream_api",
            "module.networking.module.vpc.aws_vpc_endpoint.appstream_streaming",
            "module.networking.module.vpc.aws_vpc_endpoint.athena",
            "module.networking.module.vpc.aws_vpc_endpoint.auto_scaling_plans",
            "module.networking.module.vpc.aws_vpc_endpoint.cloud_directory",
            "module.networking.module.vpc.aws_vpc_endpoint.cloudformation",
            "module.networking.module.vpc.aws_vpc_endpoint.cloudtrail",
            "module.networking.module.vpc.aws_vpc_endpoint.codeartifact_api",
            "module.networking.module.vpc.aws_vpc_endpoint.codeartifact_repositories",
            "module.networking.module.vpc.aws_vpc_endpoint.codebuild",
            "module.networking.module.vpc.aws_vpc_endpoint.codecommit",
            "module.networking.module.vpc.aws_vpc_endpoint.codedeploy",
            "module.networking.module.vpc.aws_vpc_endpoint.codedeploy_commands_secure",
            "module.networking.module.vpc.aws_vpc_endpoint.codepipeline",
            "module.networking.module.vpc.aws_vpc_endpoint.config",
            "module.networking.module.vpc.aws_vpc_endpoint.datasync",
            "module.networking.module.vpc.aws_vpc_endpoint.dynamodb",
            "module.networking.module.vpc.aws_vpc_endpoint.ebs",
            "module.networking.module.vpc.aws_vpc_endpoint.ec2",
            "module.networking.module.vpc.aws_vpc_endpoint.ec2_autoscaling",
            "module.networking.module.vpc.aws_vpc_endpoint.ec2messages",
            "module.networking.module.vpc.aws_vpc_endpoint.ecr_api",
            "module.networking.module.vpc.aws_vpc_endpoint.ecr_dkr",
            "module.networking.module.vpc.aws_vpc_endpoint.ecs",
            "module.networking.module.vpc.aws_vpc_endpoint.ecs_agent",
            "module.networking.module.vpc.aws_vpc_endpoint.ecs_telemetry",
            "module.networking.module.vpc.aws_vpc_endpoint.efs",
            "module.networking.module.vpc.aws_vpc_endpoint.elastic_inference_runtime",
            "module.networking.module.vpc.aws_vpc_endpoint.elasticbeanstalk",
            "module.networking.module.vpc.aws_vpc_endpoint.elasticbeanstalk_health",
            "module.networking.module.vpc.aws_vpc_endpoint.elasticloadbalancing",
            "module.networking.module.vpc.aws_vpc_endpoint.emr",
            "module.networking.module.vpc.aws_vpc_endpoint.events",
            "module.networking.module.vpc.aws_vpc_endpoint.git_codecommit",
            "module.networking.module.vpc.aws_vpc_endpoint.glue",
            "module.networking.module.vpc.aws_vpc_endpoint.kinesis_firehose",
            "module.networking.module.vpc.aws_vpc_endpoint.kinesis_streams",
            "module.networking.module.vpc.aws_vpc_endpoint.kms",
            "module.networking.module.vpc.aws_vpc_endpoint.lambda",
            "module.networking.module.vpc.aws_vpc_endpoint.logs",
            "module.networking.module.vpc.aws_vpc_endpoint.monitoring",
            "module.networking.module.vpc.aws_vpc_endpoint.qldb_session",
            "module.networking.module.vpc.aws_vpc_endpoint.rds",
            "module.networking.module.vpc.aws_vpc_endpoint.rekognition",
            "module.networking.module.vpc.aws_vpc_endpoint.s3",
            "module.networking.module.vpc.aws_vpc_endpoint.sagemaker_api",
            "module.networking.module.vpc.aws_vpc_endpoint.sagemaker_notebook",
            "module.networking.module.vpc.aws_vpc_endpoint.sagemaker_runtime",
            "module.networking.module.vpc.aws_vpc_endpoint.secretsmanager",
            "module.networking.module.vpc.aws_vpc_endpoint.servicecatalog",
            "module.networking.module.vpc.aws_vpc_endpoint.ses",
            "module.networking.module.vpc.aws_vpc_endpoint.sms",
            "module.networking.module.vpc.aws_vpc_endpoint.sns",
            "module.networking.module.vpc.aws_vpc_endpoint.sqs",
            "module.networking.module.vpc.aws_vpc_endpoint.ssm",
            "module.networking.module.vpc.aws_vpc_endpoint.ssmmessages",
            "module.networking.module.vpc.aws_vpc_endpoint.states",
            "module.networking.module.vpc.aws_vpc_endpoint.storagegateway",
            "module.networking.module.vpc.aws_vpc_endpoint.sts",
            "module.networking.module.vpc.aws_vpc_endpoint.textract",
            "module.networking.module.vpc.aws_vpc_endpoint.transfer",
            "module.networking.module.vpc.aws_vpc_endpoint.transferserver",
            "module.networking.module.vpc.aws_vpc_endpoint.workspaces",
            "module.networking.module.vpc.aws_vpc_endpoint_route_table_association.intra_dynamodb",
            "module.networking.module.vpc.aws_vpc_endpoint_route_table_association.intra_s3",
            "module.networking.module.vpc.aws_vpc_endpoint_route_table_association.private_dynamodb",
            "module.networking.module.vpc.aws_vpc_endpoint_route_table_association.private_s3",
            "module.networking.module.vpc.aws_vpc_endpoint_route_table_association.public_dynamodb",
            "module.networking.module.vpc.aws_vpc_endpoint_route_table_association.public_s3",
            "module.networking.module.vpc.aws_vpc_ipv4_cidr_block_association.this",
            "module.networking.module.vpc.aws_vpn_gateway.this",
            "module.networking.module.vpc.aws_vpn_gateway_attachment.this",
            "module.networking.module.vpc.aws_vpn_gateway_route_propagation.intra",
            "module.networking.module.vpc.aws_vpn_gateway_route_propagation.private",
            "module.networking.module.vpc.aws_vpn_gateway_route_propagation.public",
            "module.networking.module.vpc.data.aws_iam_policy_document.flow_log_cloudwatch_assume_role",
            "module.networking.module.vpc.data.aws_iam_policy_document.vpc_flow_log_cloudwatch",
            "module.networking.module.vpc.data.aws_vpc_endpoint_service.access_analyzer",
            "module.networking.module.vpc.data.aws_vpc_endpoint_service.acm_pca",
            "module.networking.module.vpc.data.aws_vpc_endpoint_service.apigw",
            "module.networking.module.vpc.data.aws_vpc_endpoint_service.appmesh_envoy_management",
            "module.networking.module.vpc.data.aws_vpc_endpoint_service.appstream_api",
            "module.networking.module.vpc.data.aws_vpc_endpoint_service.appstream_streaming",
            "module.networking.module.vpc.data.aws_vpc_endpoint_service.athena",
            "module.networking.module.vpc.data.aws_vpc_endpoint_service.auto_scaling_plans",
            "module.networking.module.vpc.data.aws_vpc_endpoint_service.cloud_directory",
            "module.networking.module.vpc.data.aws_vpc_endpoint_service.cloudformation",
            "module.networking.module.vpc.data.aws_vpc_endpoint_service.cloudtrail",
            "module.networking.module.vpc.data.aws_vpc_endpoint_service.codeartifact_api",
            "module.networking.module.vpc.data.aws_vpc_endpoint_service.codeartifact_repositories",
            "module.networking.module.vpc.data.aws_vpc_endpoint_service.codebuild",
            "module.networking.module.vpc.data.aws_vpc_endpoint_service.codecommit",
            "module.networking.module.vpc.data.aws_vpc_endpoint_service.codedeploy",
            "module.networking.module.vpc.data.aws_vpc_endpoint_service.codedeploy_commands_secure",
            "module.networking.module.vpc.data.aws_vpc_endpoint_service.codepipeline",
            "module.networking.module.vpc.data.aws_vpc_endpoint_service.config",
            "module.networking.module.vpc.data.aws_vpc_endpoint_service.datasync",
            "module.networking.module.vpc.data.aws_vpc_endpoint_service.dynamodb",
            "module.networking.module.vpc.data.aws_vpc_endpoint_service.ebs",
            "module.networking.module.vpc.data.aws_vpc_endpoint_service.ec2",
            "module.networking.module.vpc.data.aws_vpc_endpoint_service.ec2_autoscaling",
            "module.networking.module.vpc.data.aws_vpc_endpoint_service.ec2messages",
            "module.networking.module.vpc.data.aws_vpc_endpoint_service.ecr_api",
            "module.networking.module.vpc.data.aws_vpc_endpoint_service.ecr_dkr",
            "module.networking.module.vpc.data.aws_vpc_endpoint_service.ecs",
            "module.networking.module.vpc.data.aws_vpc_endpoint_service.ecs_agent",
            "module.networking.module.vpc.data.aws_vpc_endpoint_service.ecs_telemetry",
            "module.networking.module.vpc.data.aws_vpc_endpoint_service.efs",
            "module.networking.module.vpc.data.aws_vpc_endpoint_service.elastic_inference_runtime",
            "module.networking.module.vpc.data.aws_vpc_endpoint_service.elasticbeanstalk",
            "module.networking.module.vpc.data.aws_vpc_endpoint_service.elasticbeanstalk_health",
            "module.networking.module.vpc.data.aws_vpc_endpoint_service.elasticloadbalancing",
            "module.networking.module.vpc.data.aws_vpc_endpoint_service.emr",
            "module.networking.module.vpc.data.aws_vpc_endpoint_service.events",
            "module.networking.module.vpc.data.aws_vpc_endpoint_service.git_codecommit",
            "module.networking.module.vpc.data.aws_vpc_endpoint_service.glue",
            "module.networking.module.vpc.data.aws_vpc_endpoint_service.kinesis_firehose",
            "module.networking.module.vpc.data.aws_vpc_endpoint_service.kinesis_streams",
            "module.networking.module.vpc.data.aws_vpc_endpoint_service.kms",
            "module.networking.module.vpc.data.aws_vpc_endpoint_service.lambda",
            "module.networking.module.vpc.data.aws_vpc_endpoint_service.logs",
            "module.networking.module.vpc.data.aws_vpc_endpoint_service.monitoring",
            "module.networking.module.vpc.data.aws_vpc_endpoint_service.qldb_session",
            "module.networking.module.vpc.data.aws_vpc_endpoint_service.rds",
            "module.networking.module.vpc.data.aws_vpc_endpoint_service.rekognition",
            "module.networking.module.vpc.data.aws_vpc_endpoint_service.s3",
            "module.networking.module.vpc.data.aws_vpc_endpoint_service.sagemaker_api",
            "module.networking.module.vpc.data.aws_vpc_endpoint_service.sagemaker_notebook",
            "module.networking.module.vpc.data.aws_vpc_endpoint_service.sagemaker_runtime",
            "module.networking.module.vpc.data.aws_vpc_endpoint_service.secretsmanager",
            "module.networking.module.vpc.data.aws_vpc_endpoint_service.servicecatalog",
            "module.networking.module.vpc.data.aws_vpc_endpoint_service.ses",
            "module.networking.module.vpc.data.aws_vpc_endpoint_service.sms",
            "module.networking.module.vpc.data.aws_vpc_endpoint_service.sns",
            "module.networking.module.vpc.data.aws_vpc_endpoint_service.sqs",
            "module.networking.module.vpc.data.aws_vpc_endpoint_service.ssm",
            "module.networking.module.vpc.data.aws_vpc_endpoint_service.ssmmessages",
            "module.networking.module.vpc.data.aws_vpc_endpoint_service.states",
            "module.networking.module.vpc.data.aws_vpc_endpoint_service.storagegateway",
            "module.networking.module.vpc.data.aws_vpc_endpoint_service.sts",
            "module.networking.module.vpc.data.aws_vpc_endpoint_service.textract",
            "module.networking.module.vpc.data.aws_vpc_endpoint_service.transfer",
            "module.networking.module.vpc.data.aws_vpc_endpoint_service.transferserver",
            "module.networking.module.vpc.data.aws_vpc_endpoint_service.workspaces",
            "module.networking.module.websvr_sg.aws_security_group.security_group"
          ]
        }
      ]
    },
    {
      "module": "module.database",
      "mode": "managed",
      "type": "random_password",
      "name": "password",
      "provider": "provider[\"registry.terraform.io/hashicorp/random\"]",
      "instances": [
        {
          "schema_version": 0,
          "attributes": {
            "id": "none",
            "keepers": null,
            "length": 16,
            "lower": true,
            "min_lower": 0,
            "min_numeric": 0,
            "min_special": 0,
            "min_upper": 0,
            "number": true,
            "override_special": "_%@/'\"",
            "result": "vWnxJoDEcIT0n_gL",
            "special": true,
            "upper": true
          },
          "sensitive_attributes": [],
          "private": "bnVsbA=="
        }
      ]
    },
    {
      "module": "module.networking",
      "mode": "data",
      "type": "aws_availability_zones",
      "name": "available",
      "provider": "provider[\"registry.terraform.io/hashicorp/aws\"]",
      "instances": [
        {
          "schema_version": 0,
          "attributes": {
            "all_availability_zones": null,
            "exclude_names": null,
            "exclude_zone_ids": null,
            "filter": null,
            "group_names": [
              "us-west-2"
            ],
            "id": "us-west-2",
            "names": [
              "us-west-2a",
              "us-west-2b",
              "us-west-2c",
              "us-west-2d"
            ],
            "state": null,
            "zone_ids": [
              "usw2-az1",
              "usw2-az2",
              "usw2-az3",
              "usw2-az4"
            ]
          },
          "sensitive_attributes": []
        }
      ]
    },
    {
      "module": "module.networking.module.db_sg",
      "mode": "managed",
      "type": "aws_security_group",
      "name": "security_group",
      "provider": "provider[\"registry.terraform.io/hashicorp/aws\"]",
      "instances": [
        {
          "schema_version": 1,
          "attributes": {
            "arn": "arn:aws:ec2:us-west-2:625413607130:security-group/sg-07ce220ad679c4951",
            "description": "Managed by Terraform",
            "egress": [
              {
                "cidr_blocks": [
                  "0.0.0.0/0"
                ],
                "description": "",
                "from_port": 0,
                "ipv6_cidr_blocks": [],
                "prefix_list_ids": [],
                "protocol": "-1",
                "security_groups": [],
                "self": false,
                "to_port": 0
              }
            ],
            "id": "sg-07ce220ad679c4951",
            "ingress": [
              {
                "cidr_blocks": [],
                "description": "",
                "from_port": 0,
                "ipv6_cidr_blocks": [],
                "prefix_list_ids": [],
                "protocol": "-1",
                "security_groups": [],
                "self": true,
                "to_port": 0
              },
              {
                "cidr_blocks": [],
                "description": "",
                "from_port": 3306,
                "ipv6_cidr_blocks": [],
                "prefix_list_ids": [],
                "protocol": "tcp",
                "security_groups": [
                  "sg-0fde6bd37fd6f0acb"
                ],
                "self": false,
                "to_port": 3306
              }
            ],
            "name": "terraform-20220416042705459100000006",
            "name_prefix": "terraform-",
            "owner_id": "625413607130",
            "revoke_rules_on_delete": false,
            "tags": null,
            "tags_all": {},
            "timeouts": null,
            "vpc_id": "vpc-0157b9753c2b0ea0d"
          },
          "sensitive_attributes": [],
          "private": "eyJlMmJmYjczMC1lY2FhLTExZTYtOGY4OC0zNDM2M2JjN2M0YzAiOnsiY3JlYXRlIjo2MDAwMDAwMDAwMDAsImRlbGV0ZSI6OTAwMDAwMDAwMDAwfSwic2NoZW1hX3ZlcnNpb24iOiIxIn0=",
          "dependencies": [
            "module.networking.module.lb_sg.aws_security_group.security_group",
            "module.networking.module.vpc.aws_vpc.this",
            "module.networking.module.websvr_sg.aws_security_group.security_group"
          ],
          "create_before_destroy": true
        }
      ]
    },
    {
      "module": "module.networking.module.lb_sg",
      "mode": "managed",
      "type": "aws_security_group",
      "name": "security_group",
      "provider": "provider[\"registry.terraform.io/hashicorp/aws\"]",
      "instances": [
        {
          "schema_version": 1,
          "attributes": {
            "arn": "arn:aws:ec2:us-west-2:625413607130:security-group/sg-03162180daa3e906a",
            "description": "Managed by Terraform",
            "egress": [
              {
                "cidr_blocks": [
                  "0.0.0.0/0"
                ],
                "description": "",
                "from_port": 0,
                "ipv6_cidr_blocks": [],
                "prefix_list_ids": [],
                "protocol": "-1",
                "security_groups": [],
                "self": false,
                "to_port": 0
              }
            ],
            "id": "sg-03162180daa3e906a",
            "ingress": [
              {
                "cidr_blocks": [
                  "0.0.0.0/0"
                ],
                "description": "",
                "from_port": 80,
                "ipv6_cidr_blocks": [],
                "prefix_list_ids": [],
                "protocol": "tcp",
                "security_groups": [],
                "self": false,
                "to_port": 80
              },
              {
                "cidr_blocks": [],
                "description": "",
                "from_port": 0,
                "ipv6_cidr_blocks": [],
                "prefix_list_ids": [],
                "protocol": "-1",
                "security_groups": [],
                "self": true,
                "to_port": 0
              }
            ],
            "name": "terraform-20220416042644049100000004",
            "name_prefix": "terraform-",
            "owner_id": "625413607130",
            "revoke_rules_on_delete": false,
            "tags": null,
            "tags_all": {},
            "timeouts": null,
            "vpc_id": "vpc-0157b9753c2b0ea0d"
          },
          "sensitive_attributes": [],
          "private": "eyJlMmJmYjczMC1lY2FhLTExZTYtOGY4OC0zNDM2M2JjN2M0YzAiOnsiY3JlYXRlIjo2MDAwMDAwMDAwMDAsImRlbGV0ZSI6OTAwMDAwMDAwMDAwfSwic2NoZW1hX3ZlcnNpb24iOiIxIn0=",
          "dependencies": [
            "module.networking.module.vpc.aws_vpc.this"
          ],
          "create_before_destroy": true
        }
      ]
    },
    {
      "module": "module.networking.module.vpc",
      "mode": "managed",
      "type": "aws_db_subnet_group",
      "name": "database",
      "provider": "provider[\"registry.terraform.io/hashicorp/aws\"]",
      "instances": [
        {
          "index_key": 0,
          "schema_version": 0,
          "attributes": {
            "arn": "arn:aws:rds:us-west-2:625413607130:subgrp:my-cool-project-vpc",
            "description": "Database subnet group for my-cool-project-vpc",
            "id": "my-cool-project-vpc",
            "name": "my-cool-project-vpc",
            "name_prefix": null,
            "subnet_ids": [
              "subnet-03e233c06e7e83b25",
              "subnet-046d529efa6bb7f54",
              "subnet-0d948b08f1d70b720"
            ],
            "tags": {
              "Name": "my-cool-project-vpc"
            },
            "tags_all": {
              "Name": "my-cool-project-vpc"
            }
          },
          "sensitive_attributes": [],
          "private": "bnVsbA==",
          "dependencies": [
            "module.networking.data.aws_availability_zones.available",
            "module.networking.module.vpc.aws_subnet.database",
            "module.networking.module.vpc.aws_vpc.this",
            "module.networking.module.vpc.aws_vpc_ipv4_cidr_block_association.this"
          ],
          "create_before_destroy": true
        }
      ]
    },
    {
      "module": "module.networking.module.vpc",
      "mode": "managed",
      "type": "aws_eip",
      "name": "nat",
      "provider": "provider[\"registry.terraform.io/hashicorp/aws\"]",
      "instances": [
        {
          "index_key": 0,
          "schema_version": 0,
          "attributes": {
            "address": null,
            "allocation_id": "eipalloc-08d4be1afd3d9f0ca",
            "associate_with_private_ip": null,
            "association_id": "",
            "carrier_ip": "",
            "customer_owned_ip": "",
            "customer_owned_ipv4_pool": "",
            "domain": "vpc",
            "id": "eipalloc-08d4be1afd3d9f0ca",
            "instance": "",
            "network_border_group": "us-west-2",
            "network_interface": "",
            "private_dns": null,
            "private_ip": "",
            "public_dns": "ec2-54-69-42-250.us-west-2.compute.amazonaws.com",
            "public_ip": "54.69.42.250",
            "public_ipv4_pool": "amazon",
            "tags": {
              "Name": "my-cool-project-vpc-us-west-2a"
            },
            "tags_all": {
              "Name": "my-cool-project-vpc-us-west-2a"
            },
            "timeouts": null,
            "vpc": true
          },
          "sensitive_attributes": [],
          "private": "eyJlMmJmYjczMC1lY2FhLTExZTYtOGY4OC0zNDM2M2JjN2M0YzAiOnsiZGVsZXRlIjoxODAwMDAwMDAwMDAsInJlYWQiOjkwMDAwMDAwMDAwMCwidXBkYXRlIjozMDAwMDAwMDAwMDB9fQ==",
          "dependencies": [
            "module.networking.data.aws_availability_zones.available"
          ],
          "create_before_destroy": true
        }
      ]
    },
    {
      "module": "module.networking.module.vpc",
      "mode": "managed",
      "type": "aws_internet_gateway",
      "name": "this",
      "provider": "provider[\"registry.terraform.io/hashicorp/aws\"]",
      "instances": [
        {
          "index_key": 0,
          "schema_version": 0,
          "attributes": {
            "arn": "arn:aws:ec2:us-west-2:625413607130:internet-gateway/igw-00e7cfe3df95575f0",
            "id": "igw-00e7cfe3df95575f0",
            "owner_id": "625413607130",
            "tags": {
              "Name": "my-cool-project-vpc"
            },
            "tags_all": {
              "Name": "my-cool-project-vpc"
            },
            "vpc_id": "vpc-0157b9753c2b0ea0d"
          },
          "sensitive_attributes": [],
          "private": "bnVsbA==",
          "dependencies": [
            "module.networking.module.vpc.aws_vpc.this",
            "module.networking.module.vpc.aws_vpc_ipv4_cidr_block_association.this"
          ],
          "create_before_destroy": true
        }
      ]
    },
    {
      "module": "module.networking.module.vpc",
      "mode": "managed",
      "type": "aws_nat_gateway",
      "name": "this",
      "provider": "provider[\"registry.terraform.io/hashicorp/aws\"]",
      "instances": [
        {
          "index_key": 0,
          "schema_version": 0,
          "attributes": {
            "allocation_id": "eipalloc-08d4be1afd3d9f0ca",
            "connectivity_type": "public",
            "id": "nat-05a977da22d78edcc",
            "network_interface_id": "eni-07ee77af4d25b5fbc",
            "private_ip": "10.0.101.131",
            "public_ip": "54.69.42.250",
            "subnet_id": "subnet-0de4d0ae0cf333407",
            "tags": {
              "Name": "my-cool-project-vpc-us-west-2a"
            },
            "tags_all": {
              "Name": "my-cool-project-vpc-us-west-2a"
            }
          },
          "sensitive_attributes": [],
          "private": "bnVsbA==",
          "dependencies": [
            "module.networking.data.aws_availability_zones.available",
            "module.networking.module.vpc.aws_eip.nat",
            "module.networking.module.vpc.aws_internet_gateway.this",
            "module.networking.module.vpc.aws_subnet.public",
            "module.networking.module.vpc.aws_vpc.this",
            "module.networking.module.vpc.aws_vpc_ipv4_cidr_block_association.this"
          ],
          "create_before_destroy": true
        }
      ]
    },
    {
      "module": "module.networking.module.vpc",
      "mode": "managed",
      "type": "aws_route",
      "name": "private_nat_gateway",
      "provider": "provider[\"registry.terraform.io/hashicorp/aws\"]",
      "instances": [
        {
          "index_key": 0,
          "schema_version": 0,
          "attributes": {
            "carrier_gateway_id": "",
            "destination_cidr_block": "0.0.0.0/0",
            "destination_ipv6_cidr_block": "",
            "destination_prefix_list_id": "",
            "egress_only_gateway_id": "",
            "gateway_id": "",
            "id": "r-rtb-03e7bb2ba8f7ce4051080289494",
            "instance_id": "",
            "instance_owner_id": "",
            "local_gateway_id": "",
            "nat_gateway_id": "nat-05a977da22d78edcc",
            "network_interface_id": "",
            "origin": "CreateRoute",
            "route_table_id": "rtb-03e7bb2ba8f7ce405",
            "state": "active",
            "timeouts": {
              "create": "5m",
              "delete": null,
              "update": null
            },
            "transit_gateway_id": "",
            "vpc_endpoint_id": "",
            "vpc_peering_connection_id": ""
          },
          "sensitive_attributes": [],
          "private": "eyJlMmJmYjczMC1lY2FhLTExZTYtOGY4OC0zNDM2M2JjN2M0YzAiOnsiY3JlYXRlIjozMDAwMDAwMDAwMDAsImRlbGV0ZSI6MzAwMDAwMDAwMDAwLCJ1cGRhdGUiOjEyMDAwMDAwMDAwMH19",
          "dependencies": [
            "module.networking.data.aws_availability_zones.available",
            "module.networking.module.vpc.aws_eip.nat",
            "module.networking.module.vpc.aws_internet_gateway.this",
            "module.networking.module.vpc.aws_nat_gateway.this",
            "module.networking.module.vpc.aws_route_table.private",
            "module.networking.module.vpc.aws_subnet.public",
            "module.networking.module.vpc.aws_vpc.this",
            "module.networking.module.vpc.aws_vpc_ipv4_cidr_block_association.this"
          ],
          "create_before_destroy": true
        }
      ]
    },
    {
      "module": "module.networking.module.vpc",
      "mode": "managed",
      "type": "aws_route",
      "name": "public_internet_gateway",
      "provider": "provider[\"registry.terraform.io/hashicorp/aws\"]",
      "instances": [
        {
          "index_key": 0,
          "schema_version": 0,
          "attributes": {
            "carrier_gateway_id": "",
            "destination_cidr_block": "0.0.0.0/0",
            "destination_ipv6_cidr_block": "",
            "destination_prefix_list_id": "",
            "egress_only_gateway_id": "",
            "gateway_id": "igw-00e7cfe3df95575f0",
            "id": "r-rtb-08dcde698149455181080289494",
            "instance_id": "",
            "instance_owner_id": "",
            "local_gateway_id": "",
            "nat_gateway_id": "",
            "network_interface_id": "",
            "origin": "CreateRoute",
            "route_table_id": "rtb-08dcde69814945518",
            "state": "active",
            "timeouts": {
              "create": "5m",
              "delete": null,
              "update": null
            },
            "transit_gateway_id": "",
            "vpc_endpoint_id": "",
            "vpc_peering_connection_id": ""
          },
          "sensitive_attributes": [],
          "private": "eyJlMmJmYjczMC1lY2FhLTExZTYtOGY4OC0zNDM2M2JjN2M0YzAiOnsiY3JlYXRlIjozMDAwMDAwMDAwMDAsImRlbGV0ZSI6MzAwMDAwMDAwMDAwLCJ1cGRhdGUiOjEyMDAwMDAwMDAwMH19",
          "dependencies": [
            "module.networking.module.vpc.aws_internet_gateway.this",
            "module.networking.module.vpc.aws_route_table.public",
            "module.networking.module.vpc.aws_vpc.this",
            "module.networking.module.vpc.aws_vpc_ipv4_cidr_block_association.this"
          ],
          "create_before_destroy": true
        }
      ]
    },
    {
      "module": "module.networking.module.vpc",
      "mode": "managed",
      "type": "aws_route_table",
      "name": "private",
      "provider": "provider[\"registry.terraform.io/hashicorp/aws\"]",
      "instances": [
        {
          "index_key": 0,
          "schema_version": 0,
          "attributes": {
            "arn": "arn:aws:ec2:us-west-2:625413607130:route-table/rtb-03e7bb2ba8f7ce405",
            "id": "rtb-03e7bb2ba8f7ce405",
            "owner_id": "625413607130",
            "propagating_vgws": [],
            "route": [],
            "tags": {
              "Name": "my-cool-project-vpc-private"
            },
            "tags_all": {
              "Name": "my-cool-project-vpc-private"
            },
            "timeouts": null,
            "vpc_id": "vpc-0157b9753c2b0ea0d"
          },
          "sensitive_attributes": [],
          "private": "eyJlMmJmYjczMC1lY2FhLTExZTYtOGY4OC0zNDM2M2JjN2M0YzAiOnsiY3JlYXRlIjozMDAwMDAwMDAwMDAsImRlbGV0ZSI6MzAwMDAwMDAwMDAwLCJ1cGRhdGUiOjEyMDAwMDAwMDAwMH19",
          "dependencies": [
            "module.networking.data.aws_availability_zones.available",
            "module.networking.module.vpc.aws_vpc.this",
            "module.networking.module.vpc.aws_vpc_ipv4_cidr_block_association.this"
          ],
          "create_before_destroy": true
        }
      ]
    },
    {
      "module": "module.networking.module.vpc",
      "mode": "managed",
      "type": "aws_route_table",
      "name": "public",
      "provider": "provider[\"registry.terraform.io/hashicorp/aws\"]",
      "instances": [
        {
          "index_key": 0,
          "schema_version": 0,
          "attributes": {
            "arn": "arn:aws:ec2:us-west-2:625413607130:route-table/rtb-08dcde69814945518",
            "id": "rtb-08dcde69814945518",
            "owner_id": "625413607130",
            "propagating_vgws": [],
            "route": [],
            "tags": {
              "Name": "my-cool-project-vpc-public"
            },
            "tags_all": {
              "Name": "my-cool-project-vpc-public"
            },
            "timeouts": null,
            "vpc_id": "vpc-0157b9753c2b0ea0d"
          },
          "sensitive_attributes": [],
          "private": "eyJlMmJmYjczMC1lY2FhLTExZTYtOGY4OC0zNDM2M2JjN2M0YzAiOnsiY3JlYXRlIjozMDAwMDAwMDAwMDAsImRlbGV0ZSI6MzAwMDAwMDAwMDAwLCJ1cGRhdGUiOjEyMDAwMDAwMDAwMH19",
          "dependencies": [
            "module.networking.module.vpc.aws_vpc.this",
            "module.networking.module.vpc.aws_vpc_ipv4_cidr_block_association.this"
          ],
          "create_before_destroy": true
        }
      ]
    },
    {
      "module": "module.networking.module.vpc",
      "mode": "managed",
      "type": "aws_route_table_association",
      "name": "database",
      "provider": "provider[\"registry.terraform.io/hashicorp/aws\"]",
      "instances": [
        {
          "index_key": 0,
          "schema_version": 0,
          "attributes": {
            "gateway_id": "",
            "id": "rtbassoc-04e8111955e532c5c",
            "route_table_id": "rtb-03e7bb2ba8f7ce405",
            "subnet_id": "subnet-03e233c06e7e83b25"
          },
          "sensitive_attributes": [],
          "private": "bnVsbA==",
          "dependencies": [
            "module.networking.data.aws_availability_zones.available",
            "module.networking.module.vpc.aws_route_table.database",
            "module.networking.module.vpc.aws_route_table.private",
            "module.networking.module.vpc.aws_subnet.database",
            "module.networking.module.vpc.aws_vpc.this",
            "module.networking.module.vpc.aws_vpc_ipv4_cidr_block_association.this"
          ],
          "create_before_destroy": true
        },
        {
          "index_key": 1,
          "schema_version": 0,
          "attributes": {
            "gateway_id": "",
            "id": "rtbassoc-04815674eb9c69333",
            "route_table_id": "rtb-03e7bb2ba8f7ce405",
            "subnet_id": "subnet-046d529efa6bb7f54"
          },
          "sensitive_attributes": [],
          "private": "bnVsbA==",
          "dependencies": [
            "module.networking.data.aws_availability_zones.available",
            "module.networking.module.vpc.aws_route_table.database",
            "module.networking.module.vpc.aws_route_table.private",
            "module.networking.module.vpc.aws_subnet.database",
            "module.networking.module.vpc.aws_vpc.this",
            "module.networking.module.vpc.aws_vpc_ipv4_cidr_block_association.this"
          ],
          "create_before_destroy": true
        },
        {
          "index_key": 2,
          "schema_version": 0,
          "attributes": {
            "gateway_id": "",
            "id": "rtbassoc-0c4c717ea7d9e2d1b",
            "route_table_id": "rtb-03e7bb2ba8f7ce405",
            "subnet_id": "subnet-0d948b08f1d70b720"
          },
          "sensitive_attributes": [],
          "private": "bnVsbA==",
          "dependencies": [
            "module.networking.data.aws_availability_zones.available",
            "module.networking.module.vpc.aws_route_table.database",
            "module.networking.module.vpc.aws_route_table.private",
            "module.networking.module.vpc.aws_subnet.database",
            "module.networking.module.vpc.aws_vpc.this",
            "module.networking.module.vpc.aws_vpc_ipv4_cidr_block_association.this"
          ],
          "create_before_destroy": true
        }
      ]
    },
    {
      "module": "module.networking.module.vpc",
      "mode": "managed",
      "type": "aws_route_table_association",
      "name": "private",
      "provider": "provider[\"registry.terraform.io/hashicorp/aws\"]",
      "instances": [
        {
          "index_key": 0,
          "schema_version": 0,
          "attributes": {
            "gateway_id": "",
            "id": "rtbassoc-0db3a4bf9c4e169a0",
            "route_table_id": "rtb-03e7bb2ba8f7ce405",
            "subnet_id": "subnet-0821749175325e9f4"
          },
          "sensitive_attributes": [],
          "private": "bnVsbA==",
          "dependencies": [
            "module.networking.data.aws_availability_zones.available",
            "module.networking.module.vpc.aws_route_table.private",
            "module.networking.module.vpc.aws_subnet.private",
            "module.networking.module.vpc.aws_vpc.this",
            "module.networking.module.vpc.aws_vpc_ipv4_cidr_block_association.this"
          ],
          "create_before_destroy": true
        },
        {
          "index_key": 1,
          "schema_version": 0,
          "attributes": {
            "gateway_id": "",
            "id": "rtbassoc-077a93b4b11c2ad0a",
            "route_table_id": "rtb-03e7bb2ba8f7ce405",
            "subnet_id": "subnet-095bfc789c98c6ee8"
          },
          "sensitive_attributes": [],
          "private": "bnVsbA==",
          "dependencies": [
            "module.networking.data.aws_availability_zones.available",
            "module.networking.module.vpc.aws_route_table.private",
            "module.networking.module.vpc.aws_subnet.private",
            "module.networking.module.vpc.aws_vpc.this",
            "module.networking.module.vpc.aws_vpc_ipv4_cidr_block_association.this"
          ],
          "create_before_destroy": true
        },
        {
          "index_key": 2,
          "schema_version": 0,
          "attributes": {
            "gateway_id": "",
            "id": "rtbassoc-00dd344bad88b17ea",
            "route_table_id": "rtb-03e7bb2ba8f7ce405",
            "subnet_id": "subnet-07d0fd2f8c9cb88ae"
          },
          "sensitive_attributes": [],
          "private": "bnVsbA==",
          "dependencies": [
            "module.networking.data.aws_availability_zones.available",
            "module.networking.module.vpc.aws_route_table.private",
            "module.networking.module.vpc.aws_subnet.private",
            "module.networking.module.vpc.aws_vpc.this",
            "module.networking.module.vpc.aws_vpc_ipv4_cidr_block_association.this"
          ],
          "create_before_destroy": true
        }
      ]
    },
    {
      "module": "module.networking.module.vpc",
      "mode": "managed",
      "type": "aws_route_table_association",
      "name": "public",
      "provider": "provider[\"registry.terraform.io/hashicorp/aws\"]",
      "instances": [
        {
          "index_key": 0,
          "schema_version": 0,
          "attributes": {
            "gateway_id": "",
            "id": "rtbassoc-0e34d284976419883",
            "route_table_id": "rtb-08dcde69814945518",
            "subnet_id": "subnet-0de4d0ae0cf333407"
          },
          "sensitive_attributes": [],
          "private": "bnVsbA==",
          "dependencies": [
            "module.networking.data.aws_availability_zones.available",
            "module.networking.module.vpc.aws_route_table.public",
            "module.networking.module.vpc.aws_subnet.public",
            "module.networking.module.vpc.aws_vpc.this",
            "module.networking.module.vpc.aws_vpc_ipv4_cidr_block_association.this"
          ],
          "create_before_destroy": true
        },
        {
          "index_key": 1,
          "schema_version": 0,
          "attributes": {
            "gateway_id": "",
            "id": "rtbassoc-01728ac3742c86ba9",
            "route_table_id": "rtb-08dcde69814945518",
            "subnet_id": "subnet-086613f53bb635457"
          },
          "sensitive_attributes": [],
          "private": "bnVsbA==",
          "dependencies": [
            "module.networking.data.aws_availability_zones.available",
            "module.networking.module.vpc.aws_route_table.public",
            "module.networking.module.vpc.aws_subnet.public",
            "module.networking.module.vpc.aws_vpc.this",
            "module.networking.module.vpc.aws_vpc_ipv4_cidr_block_association.this"
          ],
          "create_before_destroy": true
        },
        {
          "index_key": 2,
          "schema_version": 0,
          "attributes": {
            "gateway_id": "",
            "id": "rtbassoc-0932407ff5f7f3b73",
            "route_table_id": "rtb-08dcde69814945518",
            "subnet_id": "subnet-01044590de6f63dee"
          },
          "sensitive_attributes": [],
          "private": "bnVsbA==",
          "dependencies": [
            "module.networking.data.aws_availability_zones.available",
            "module.networking.module.vpc.aws_route_table.public",
            "module.networking.module.vpc.aws_subnet.public",
            "module.networking.module.vpc.aws_vpc.this",
            "module.networking.module.vpc.aws_vpc_ipv4_cidr_block_association.this"
          ],
          "create_before_destroy": true
        }
      ]
    },
    {
      "module": "module.networking.module.vpc",
      "mode": "managed",
      "type": "aws_subnet",
      "name": "database",
      "provider": "provider[\"registry.terraform.io/hashicorp/aws\"]",
      "instances": [
        {
          "index_key": 0,
          "schema_version": 1,
          "attributes": {
            "arn": "arn:aws:ec2:us-west-2:625413607130:subnet/subnet-03e233c06e7e83b25",
            "assign_ipv6_address_on_creation": false,
            "availability_zone": "us-west-2a",
            "availability_zone_id": "usw2-az1",
            "cidr_block": "10.0.21.0/24",
            "customer_owned_ipv4_pool": "",
            "enable_dns64": false,
            "enable_resource_name_dns_a_record_on_launch": false,
            "enable_resource_name_dns_aaaa_record_on_launch": false,
            "id": "subnet-03e233c06e7e83b25",
            "ipv6_cidr_block": "",
            "ipv6_cidr_block_association_id": "",
            "ipv6_native": false,
            "map_customer_owned_ip_on_launch": false,
            "map_public_ip_on_launch": false,
            "outpost_arn": "",
            "owner_id": "625413607130",
            "private_dns_hostname_type_on_launch": "ip-name",
            "tags": {
              "Name": "my-cool-project-vpc-db-us-west-2a"
            },
            "tags_all": {
              "Name": "my-cool-project-vpc-db-us-west-2a"
            },
            "timeouts": null,
            "vpc_id": "vpc-0157b9753c2b0ea0d"
          },
          "sensitive_attributes": [],
          "private": "eyJlMmJmYjczMC1lY2FhLTExZTYtOGY4OC0zNDM2M2JjN2M0YzAiOnsiY3JlYXRlIjo2MDAwMDAwMDAwMDAsImRlbGV0ZSI6MTIwMDAwMDAwMDAwMH0sInNjaGVtYV92ZXJzaW9uIjoiMSJ9",
          "dependencies": [
            "module.networking.data.aws_availability_zones.available",
            "module.networking.module.vpc.aws_vpc.this",
            "module.networking.module.vpc.aws_vpc_ipv4_cidr_block_association.this"
          ],
          "create_before_destroy": true
        },
        {
          "index_key": 1,
          "schema_version": 1,
          "attributes": {
            "arn": "arn:aws:ec2:us-west-2:625413607130:subnet/subnet-046d529efa6bb7f54",
            "assign_ipv6_address_on_creation": false,
            "availability_zone": "us-west-2b",
            "availability_zone_id": "usw2-az2",
            "cidr_block": "10.0.22.0/24",
            "customer_owned_ipv4_pool": "",
            "enable_dns64": false,
            "enable_resource_name_dns_a_record_on_launch": false,
            "enable_resource_name_dns_aaaa_record_on_launch": false,
            "id": "subnet-046d529efa6bb7f54",
            "ipv6_cidr_block": "",
            "ipv6_cidr_block_association_id": "",
            "ipv6_native": false,
            "map_customer_owned_ip_on_launch": false,
            "map_public_ip_on_launch": false,
            "outpost_arn": "",
            "owner_id": "625413607130",
            "private_dns_hostname_type_on_launch": "ip-name",
            "tags": {
              "Name": "my-cool-project-vpc-db-us-west-2b"
            },
            "tags_all": {
              "Name": "my-cool-project-vpc-db-us-west-2b"
            },
            "timeouts": null,
            "vpc_id": "vpc-0157b9753c2b0ea0d"
          },
          "sensitive_attributes": [],
          "private": "eyJlMmJmYjczMC1lY2FhLTExZTYtOGY4OC0zNDM2M2JjN2M0YzAiOnsiY3JlYXRlIjo2MDAwMDAwMDAwMDAsImRlbGV0ZSI6MTIwMDAwMDAwMDAwMH0sInNjaGVtYV92ZXJzaW9uIjoiMSJ9",
          "dependencies": [
            "module.networking.data.aws_availability_zones.available",
            "module.networking.module.vpc.aws_vpc.this",
            "module.networking.module.vpc.aws_vpc_ipv4_cidr_block_association.this"
          ],
          "create_before_destroy": true
        },
        {
          "index_key": 2,
          "schema_version": 1,
          "attributes": {
            "arn": "arn:aws:ec2:us-west-2:625413607130:subnet/subnet-0d948b08f1d70b720",
            "assign_ipv6_address_on_creation": false,
            "availability_zone": "us-west-2c",
            "availability_zone_id": "usw2-az3",
            "cidr_block": "10.0.23.0/24",
            "customer_owned_ipv4_pool": "",
            "enable_dns64": false,
            "enable_resource_name_dns_a_record_on_launch": false,
            "enable_resource_name_dns_aaaa_record_on_launch": false,
            "id": "subnet-0d948b08f1d70b720",
            "ipv6_cidr_block": "",
            "ipv6_cidr_block_association_id": "",
            "ipv6_native": false,
            "map_customer_owned_ip_on_launch": false,
            "map_public_ip_on_launch": false,
            "outpost_arn": "",
            "owner_id": "625413607130",
            "private_dns_hostname_type_on_launch": "ip-name",
            "tags": {
              "Name": "my-cool-project-vpc-db-us-west-2c"
            },
            "tags_all": {
              "Name": "my-cool-project-vpc-db-us-west-2c"
            },
            "timeouts": null,
            "vpc_id": "vpc-0157b9753c2b0ea0d"
          },
          "sensitive_attributes": [],
          "private": "eyJlMmJmYjczMC1lY2FhLTExZTYtOGY4OC0zNDM2M2JjN2M0YzAiOnsiY3JlYXRlIjo2MDAwMDAwMDAwMDAsImRlbGV0ZSI6MTIwMDAwMDAwMDAwMH0sInNjaGVtYV92ZXJzaW9uIjoiMSJ9",
          "dependencies": [
            "module.networking.data.aws_availability_zones.available",
            "module.networking.module.vpc.aws_vpc.this",
            "module.networking.module.vpc.aws_vpc_ipv4_cidr_block_association.this"
          ],
          "create_before_destroy": true
        }
      ]
    },
    {
      "module": "module.networking.module.vpc",
      "mode": "managed",
      "type": "aws_subnet",
      "name": "private",
      "provider": "provider[\"registry.terraform.io/hashicorp/aws\"]",
      "instances": [
        {
          "index_key": 0,
          "schema_version": 1,
          "attributes": {
            "arn": "arn:aws:ec2:us-west-2:625413607130:subnet/subnet-0821749175325e9f4",
            "assign_ipv6_address_on_creation": false,
            "availability_zone": "us-west-2a",
            "availability_zone_id": "usw2-az1",
            "cidr_block": "10.0.1.0/24",
            "customer_owned_ipv4_pool": "",
            "enable_dns64": false,
            "enable_resource_name_dns_a_record_on_launch": false,
            "enable_resource_name_dns_aaaa_record_on_launch": false,
            "id": "subnet-0821749175325e9f4",
            "ipv6_cidr_block": "",
            "ipv6_cidr_block_association_id": "",
            "ipv6_native": false,
            "map_customer_owned_ip_on_launch": false,
            "map_public_ip_on_launch": false,
            "outpost_arn": "",
            "owner_id": "625413607130",
            "private_dns_hostname_type_on_launch": "ip-name",
            "tags": {
              "Name": "my-cool-project-vpc-private-us-west-2a"
            },
            "tags_all": {
              "Name": "my-cool-project-vpc-private-us-west-2a"
            },
            "timeouts": null,
            "vpc_id": "vpc-0157b9753c2b0ea0d"
          },
          "sensitive_attributes": [],
          "private": "eyJlMmJmYjczMC1lY2FhLTExZTYtOGY4OC0zNDM2M2JjN2M0YzAiOnsiY3JlYXRlIjo2MDAwMDAwMDAwMDAsImRlbGV0ZSI6MTIwMDAwMDAwMDAwMH0sInNjaGVtYV92ZXJzaW9uIjoiMSJ9",
          "dependencies": [
            "module.networking.data.aws_availability_zones.available",
            "module.networking.module.vpc.aws_vpc.this",
            "module.networking.module.vpc.aws_vpc_ipv4_cidr_block_association.this"
          ],
          "create_before_destroy": true
        },
        {
          "index_key": 1,
          "schema_version": 1,
          "attributes": {
            "arn": "arn:aws:ec2:us-west-2:625413607130:subnet/subnet-095bfc789c98c6ee8",
            "assign_ipv6_address_on_creation": false,
            "availability_zone": "us-west-2b",
            "availability_zone_id": "usw2-az2",
            "cidr_block": "10.0.2.0/24",
            "customer_owned_ipv4_pool": "",
            "enable_dns64": false,
            "enable_resource_name_dns_a_record_on_launch": false,
            "enable_resource_name_dns_aaaa_record_on_launch": false,
            "id": "subnet-095bfc789c98c6ee8",
            "ipv6_cidr_block": "",
            "ipv6_cidr_block_association_id": "",
            "ipv6_native": false,
            "map_customer_owned_ip_on_launch": false,
            "map_public_ip_on_launch": false,
            "outpost_arn": "",
            "owner_id": "625413607130",
            "private_dns_hostname_type_on_launch": "ip-name",
            "tags": {
              "Name": "my-cool-project-vpc-private-us-west-2b"
            },
            "tags_all": {
              "Name": "my-cool-project-vpc-private-us-west-2b"
            },
            "timeouts": null,
            "vpc_id": "vpc-0157b9753c2b0ea0d"
          },
          "sensitive_attributes": [],
          "private": "eyJlMmJmYjczMC1lY2FhLTExZTYtOGY4OC0zNDM2M2JjN2M0YzAiOnsiY3JlYXRlIjo2MDAwMDAwMDAwMDAsImRlbGV0ZSI6MTIwMDAwMDAwMDAwMH0sInNjaGVtYV92ZXJzaW9uIjoiMSJ9",
          "dependencies": [
            "module.networking.data.aws_availability_zones.available",
            "module.networking.module.vpc.aws_vpc.this",
            "module.networking.module.vpc.aws_vpc_ipv4_cidr_block_association.this"
          ],
          "create_before_destroy": true
        },
        {
          "index_key": 2,
          "schema_version": 1,
          "attributes": {
            "arn": "arn:aws:ec2:us-west-2:625413607130:subnet/subnet-07d0fd2f8c9cb88ae",
            "assign_ipv6_address_on_creation": false,
            "availability_zone": "us-west-2c",
            "availability_zone_id": "usw2-az3",
            "cidr_block": "10.0.3.0/24",
            "customer_owned_ipv4_pool": "",
            "enable_dns64": false,
            "enable_resource_name_dns_a_record_on_launch": false,
            "enable_resource_name_dns_aaaa_record_on_launch": false,
            "id": "subnet-07d0fd2f8c9cb88ae",
            "ipv6_cidr_block": "",
            "ipv6_cidr_block_association_id": "",
            "ipv6_native": false,
            "map_customer_owned_ip_on_launch": false,
            "map_public_ip_on_launch": false,
            "outpost_arn": "",
            "owner_id": "625413607130",
            "private_dns_hostname_type_on_launch": "ip-name",
            "tags": {
              "Name": "my-cool-project-vpc-private-us-west-2c"
            },
            "tags_all": {
              "Name": "my-cool-project-vpc-private-us-west-2c"
            },
            "timeouts": null,
            "vpc_id": "vpc-0157b9753c2b0ea0d"
          },
          "sensitive_attributes": [],
          "private": "eyJlMmJmYjczMC1lY2FhLTExZTYtOGY4OC0zNDM2M2JjN2M0YzAiOnsiY3JlYXRlIjo2MDAwMDAwMDAwMDAsImRlbGV0ZSI6MTIwMDAwMDAwMDAwMH0sInNjaGVtYV92ZXJzaW9uIjoiMSJ9",
          "dependencies": [
            "module.networking.data.aws_availability_zones.available",
            "module.networking.module.vpc.aws_vpc.this",
            "module.networking.module.vpc.aws_vpc_ipv4_cidr_block_association.this"
          ],
          "create_before_destroy": true
        }
      ]
    },
    {
      "module": "module.networking.module.vpc",
      "mode": "managed",
      "type": "aws_subnet",
      "name": "public",
      "provider": "provider[\"registry.terraform.io/hashicorp/aws\"]",
      "instances": [
        {
          "index_key": 0,
          "schema_version": 1,
          "attributes": {
            "arn": "arn:aws:ec2:us-west-2:625413607130:subnet/subnet-0de4d0ae0cf333407",
            "assign_ipv6_address_on_creation": false,
            "availability_zone": "us-west-2a",
            "availability_zone_id": "usw2-az1",
            "cidr_block": "10.0.101.0/24",
            "customer_owned_ipv4_pool": "",
            "enable_dns64": false,
            "enable_resource_name_dns_a_record_on_launch": false,
            "enable_resource_name_dns_aaaa_record_on_launch": false,
            "id": "subnet-0de4d0ae0cf333407",
            "ipv6_cidr_block": "",
            "ipv6_cidr_block_association_id": "",
            "ipv6_native": false,
            "map_customer_owned_ip_on_launch": false,
            "map_public_ip_on_launch": true,
            "outpost_arn": "",
            "owner_id": "625413607130",
            "private_dns_hostname_type_on_launch": "ip-name",
            "tags": {
              "Name": "my-cool-project-vpc-public-us-west-2a"
            },
            "tags_all": {
              "Name": "my-cool-project-vpc-public-us-west-2a"
            },
            "timeouts": null,
            "vpc_id": "vpc-0157b9753c2b0ea0d"
          },
          "sensitive_attributes": [],
          "private": "eyJlMmJmYjczMC1lY2FhLTExZTYtOGY4OC0zNDM2M2JjN2M0YzAiOnsiY3JlYXRlIjo2MDAwMDAwMDAwMDAsImRlbGV0ZSI6MTIwMDAwMDAwMDAwMH0sInNjaGVtYV92ZXJzaW9uIjoiMSJ9",
          "dependencies": [
            "module.networking.data.aws_availability_zones.available",
            "module.networking.module.vpc.aws_vpc.this",
            "module.networking.module.vpc.aws_vpc_ipv4_cidr_block_association.this"
          ],
          "create_before_destroy": true
        },
        {
          "index_key": 1,
          "schema_version": 1,
          "attributes": {
            "arn": "arn:aws:ec2:us-west-2:625413607130:subnet/subnet-086613f53bb635457",
            "assign_ipv6_address_on_creation": false,
            "availability_zone": "us-west-2b",
            "availability_zone_id": "usw2-az2",
            "cidr_block": "10.0.102.0/24",
            "customer_owned_ipv4_pool": "",
            "enable_dns64": false,
            "enable_resource_name_dns_a_record_on_launch": false,
            "enable_resource_name_dns_aaaa_record_on_launch": false,
            "id": "subnet-086613f53bb635457",
            "ipv6_cidr_block": "",
            "ipv6_cidr_block_association_id": "",
            "ipv6_native": false,
            "map_customer_owned_ip_on_launch": false,
            "map_public_ip_on_launch": true,
            "outpost_arn": "",
            "owner_id": "625413607130",
            "private_dns_hostname_type_on_launch": "ip-name",
            "tags": {
              "Name": "my-cool-project-vpc-public-us-west-2b"
            },
            "tags_all": {
              "Name": "my-cool-project-vpc-public-us-west-2b"
            },
            "timeouts": null,
            "vpc_id": "vpc-0157b9753c2b0ea0d"
          },
          "sensitive_attributes": [],
          "private": "eyJlMmJmYjczMC1lY2FhLTExZTYtOGY4OC0zNDM2M2JjN2M0YzAiOnsiY3JlYXRlIjo2MDAwMDAwMDAwMDAsImRlbGV0ZSI6MTIwMDAwMDAwMDAwMH0sInNjaGVtYV92ZXJzaW9uIjoiMSJ9",
          "dependencies": [
            "module.networking.data.aws_availability_zones.available",
            "module.networking.module.vpc.aws_vpc.this",
            "module.networking.module.vpc.aws_vpc_ipv4_cidr_block_association.this"
          ],
          "create_before_destroy": true
        },
        {
          "index_key": 2,
          "schema_version": 1,
          "attributes": {
            "arn": "arn:aws:ec2:us-west-2:625413607130:subnet/subnet-01044590de6f63dee",
            "assign_ipv6_address_on_creation": false,
            "availability_zone": "us-west-2c",
            "availability_zone_id": "usw2-az3",
            "cidr_block": "10.0.103.0/24",
            "customer_owned_ipv4_pool": "",
            "enable_dns64": false,
            "enable_resource_name_dns_a_record_on_launch": false,
            "enable_resource_name_dns_aaaa_record_on_launch": false,
            "id": "subnet-01044590de6f63dee",
            "ipv6_cidr_block": "",
            "ipv6_cidr_block_association_id": "",
            "ipv6_native": false,
            "map_customer_owned_ip_on_launch": false,
            "map_public_ip_on_launch": true,
            "outpost_arn": "",
            "owner_id": "625413607130",
            "private_dns_hostname_type_on_launch": "ip-name",
            "tags": {
              "Name": "my-cool-project-vpc-public-us-west-2c"
            },
            "tags_all": {
              "Name": "my-cool-project-vpc-public-us-west-2c"
            },
            "timeouts": null,
            "vpc_id": "vpc-0157b9753c2b0ea0d"
          },
          "sensitive_attributes": [],
          "private": "eyJlMmJmYjczMC1lY2FhLTExZTYtOGY4OC0zNDM2M2JjN2M0YzAiOnsiY3JlYXRlIjo2MDAwMDAwMDAwMDAsImRlbGV0ZSI6MTIwMDAwMDAwMDAwMH0sInNjaGVtYV92ZXJzaW9uIjoiMSJ9",
          "dependencies": [
            "module.networking.data.aws_availability_zones.available",
            "module.networking.module.vpc.aws_vpc.this",
            "module.networking.module.vpc.aws_vpc_ipv4_cidr_block_association.this"
          ],
          "create_before_destroy": true
        }
      ]
    },
    {
      "module": "module.networking.module.vpc",
      "mode": "managed",
      "type": "aws_vpc",
      "name": "this",
      "provider": "provider[\"registry.terraform.io/hashicorp/aws\"]",
      "instances": [
        {
          "index_key": 0,
          "schema_version": 1,
          "attributes": {
            "arn": "arn:aws:ec2:us-west-2:625413607130:vpc/vpc-0157b9753c2b0ea0d",
            "assign_generated_ipv6_cidr_block": false,
            "cidr_block": "10.0.0.0/16",
            "default_network_acl_id": "acl-0bc21f0231053bf6f",
            "default_route_table_id": "rtb-0fa9799a9e1ed4d3a",
            "default_security_group_id": "sg-0c041a9a073f2b5d3",
            "dhcp_options_id": "dopt-00c13380d24cfc0c9",
            "enable_classiclink": false,
            "enable_classiclink_dns_support": false,
            "enable_dns_hostnames": false,
            "enable_dns_support": true,
            "id": "vpc-0157b9753c2b0ea0d",
            "instance_tenancy": "default",
            "ipv4_ipam_pool_id": null,
            "ipv4_netmask_length": null,
            "ipv6_association_id": "",
            "ipv6_cidr_block": "",
            "ipv6_cidr_block_network_border_group": "",
            "ipv6_ipam_pool_id": "",
            "ipv6_netmask_length": 0,
            "main_route_table_id": "rtb-0fa9799a9e1ed4d3a",
            "owner_id": "625413607130",
            "tags": {
              "Name": "my-cool-project-vpc"
            },
            "tags_all": {
              "Name": "my-cool-project-vpc"
            }
          },
          "sensitive_attributes": [],
          "private": "eyJzY2hlbWFfdmVyc2lvbiI6IjEifQ==",
          "create_before_destroy": true
        }
      ]
    },
    {
      "module": "module.networking.module.websvr_sg",
      "mode": "managed",
      "type": "aws_security_group",
      "name": "security_group",
      "provider": "provider[\"registry.terraform.io/hashicorp/aws\"]",
      "instances": [
        {
          "schema_version": 1,
          "attributes": {
            "arn": "arn:aws:ec2:us-west-2:625413607130:security-group/sg-0fde6bd37fd6f0acb",
            "description": "Managed by Terraform",
            "egress": [
              {
                "cidr_blocks": [
                  "0.0.0.0/0"
                ],
                "description": "",
                "from_port": 0,
                "ipv6_cidr_blocks": [],
                "prefix_list_ids": [],
                "protocol": "-1",
                "security_groups": [],
                "self": false,
                "to_port": 0
              }
            ],
            "id": "sg-0fde6bd37fd6f0acb",
            "ingress": [
              {
                "cidr_blocks": [
                  "10.0.0.0/16"
                ],
                "description": "",
                "from_port": 22,
                "ipv6_cidr_blocks": [],
                "prefix_list_ids": [],
                "protocol": "tcp",
                "security_groups": [],
                "self": false,
                "to_port": 22
              },
              {
                "cidr_blocks": [],
                "description": "",
                "from_port": 0,
                "ipv6_cidr_blocks": [],
                "prefix_list_ids": [],
                "protocol": "-1",
                "security_groups": [],
                "self": true,
                "to_port": 0
              },
              {
                "cidr_blocks": [],
                "description": "",
                "from_port": 8080,
                "ipv6_cidr_blocks": [],
                "prefix_list_ids": [],
                "protocol": "tcp",
                "security_groups": [
                  "sg-03162180daa3e906a"
                ],
                "self": false,
                "to_port": 8080
              }
            ],
            "name": "terraform-20220416042655000900000005",
            "name_prefix": "terraform-",
            "owner_id": "625413607130",
            "revoke_rules_on_delete": false,
            "tags": null,
            "tags_all": {},
            "timeouts": null,
            "vpc_id": "vpc-0157b9753c2b0ea0d"
          },
          "sensitive_attributes": [],
          "private": "eyJlMmJmYjczMC1lY2FhLTExZTYtOGY4OC0zNDM2M2JjN2M0YzAiOnsiY3JlYXRlIjo2MDAwMDAwMDAwMDAsImRlbGV0ZSI6OTAwMDAwMDAwMDAwfSwic2NoZW1hX3ZlcnNpb24iOiIxIn0=",
          "dependencies": [
            "module.networking.module.lb_sg.aws_security_group.security_group",
            "module.networking.module.vpc.aws_vpc.this"
          ],
          "create_before_destroy": true
        }
      ]
    }
  ]
}
